// !$*UTF8*$!
{
	archiveVersion = 1;
	classes = {
	};
	objectVersion = 46;
	objects = {

/* Begin PBXBuildFile section */
		617D376C18AA62990096D63C /* DemoViewController.m in Sources */ = {isa = PBXBuildFile; fileRef = 617D376B18AA62990096D63C /* DemoViewController.m */; };
		617D376F18AA659A0096D63C /* VenueDetailViewController.m in Sources */ = {isa = PBXBuildFile; fileRef = 617D376E18AA659A0096D63C /* VenueDetailViewController.m */; };
		617D377218AA68560096D63C /* AutoCoding.m in Sources */ = {isa = PBXBuildFile; fileRef = 617D377118AA68560096D63C /* AutoCoding.m */; };
		F729498C187FC97D00E2BFF8 /* Foundation.framework in Frameworks */ = {isa = PBXBuildFile; fileRef = F729498B187FC97D00E2BFF8 /* Foundation.framework */; };
		F729498E187FC97D00E2BFF8 /* CoreGraphics.framework in Frameworks */ = {isa = PBXBuildFile; fileRef = F729498D187FC97D00E2BFF8 /* CoreGraphics.framework */; };
		F7294990187FC97D00E2BFF8 /* UIKit.framework in Frameworks */ = {isa = PBXBuildFile; fileRef = F729498F187FC97D00E2BFF8 /* UIKit.framework */; };
		F7294996187FC97D00E2BFF8 /* InfoPlist.strings in Resources */ = {isa = PBXBuildFile; fileRef = F7294994187FC97D00E2BFF8 /* InfoPlist.strings */; };
		F7294998187FC97D00E2BFF8 /* main.m in Sources */ = {isa = PBXBuildFile; fileRef = F7294997187FC97D00E2BFF8 /* main.m */; };
		F729499C187FC97D00E2BFF8 /* AppDelegate.m in Sources */ = {isa = PBXBuildFile; fileRef = F729499B187FC97D00E2BFF8 /* AppDelegate.m */; };
		F729499F187FC97D00E2BFF8 /* Main.storyboard in Resources */ = {isa = PBXBuildFile; fileRef = F729499D187FC97D00E2BFF8 /* Main.storyboard */; };
		F72949A2187FC97D00E2BFF8 /* NearbyVenuesViewController.m in Sources */ = {isa = PBXBuildFile; fileRef = F72949A1187FC97D00E2BFF8 /* NearbyVenuesViewController.m */; };
		F72949A4187FC97D00E2BFF8 /* Images.xcassets in Resources */ = {isa = PBXBuildFile; fileRef = F72949A3187FC97D00E2BFF8 /* Images.xcassets */; };
		F72949AB187FC97D00E2BFF8 /* XCTest.framework in Frameworks */ = {isa = PBXBuildFile; fileRef = F72949AA187FC97D00E2BFF8 /* XCTest.framework */; };
		F72949AC187FC97D00E2BFF8 /* Foundation.framework in Frameworks */ = {isa = PBXBuildFile; fileRef = F729498B187FC97D00E2BFF8 /* Foundation.framework */; };
		F72949AD187FC97D00E2BFF8 /* UIKit.framework in Frameworks */ = {isa = PBXBuildFile; fileRef = F729498F187FC97D00E2BFF8 /* UIKit.framework */; };
		F72949B5187FC97D00E2BFF8 /* InfoPlist.strings in Resources */ = {isa = PBXBuildFile; fileRef = F72949B3187FC97D00E2BFF8 /* InfoPlist.strings */; };
		F72949B7187FC97D00E2BFF8 /* FSQProjectTests.m in Sources */ = {isa = PBXBuildFile; fileRef = F72949B6187FC97D00E2BFF8 /* FSQProjectTests.m */; };
		F72949D3187FC9E900E2BFF8 /* CHANGELOG.md in Resources */ = {isa = PBXBuildFile; fileRef = F72949C1187FC9E900E2BFF8 /* CHANGELOG.md */; };
		F72949D4187FC9E900E2BFF8 /* Foursquare2.m in Sources */ = {isa = PBXBuildFile; fileRef = F72949C3187FC9E900E2BFF8 /* Foursquare2.m */; };
		F72949D5187FC9E900E2BFF8 /* FSOAuth.m in Sources */ = {isa = PBXBuildFile; fileRef = F72949C5187FC9E900E2BFF8 /* FSOAuth.m */; };
		F72949D6187FC9E900E2BFF8 /* FSRequester.m in Sources */ = {isa = PBXBuildFile; fileRef = F72949C7187FC9E900E2BFF8 /* FSRequester.m */; };
		F72949D7187FC9E900E2BFF8 /* FSTargetCallback.m in Sources */ = {isa = PBXBuildFile; fileRef = F72949C9187FC9E900E2BFF8 /* FSTargetCallback.m */; };
		F72949D8187FC9E900E2BFF8 /* FSWebLogin.m in Sources */ = {isa = PBXBuildFile; fileRef = F72949CB187FC9E900E2BFF8 /* FSWebLogin.m */; };
		F72949D9187FC9E900E2BFF8 /* FSWebLogin.xib in Resources */ = {isa = PBXBuildFile; fileRef = F72949CC187FC9E900E2BFF8 /* FSWebLogin.xib */; };
		F72949DA187FC9E900E2BFF8 /* pin.png in Resources */ = {isa = PBXBuildFile; fileRef = F72949CD187FC9E900E2BFF8 /* pin.png */; };
		F72949DB187FC9E900E2BFF8 /* pin@2x.png in Resources */ = {isa = PBXBuildFile; fileRef = F72949CE187FC9E900E2BFF8 /* pin@2x.png */; };
		F72949DC187FC9E900E2BFF8 /* poweredByFoursquare_gray.png in Resources */ = {isa = PBXBuildFile; fileRef = F72949CF187FC9E900E2BFF8 /* poweredByFoursquare_gray.png */; };
		F72949DD187FC9E900E2BFF8 /* poweredByFoursquare_gray@2x.png in Resources */ = {isa = PBXBuildFile; fileRef = F72949D0187FC9E900E2BFF8 /* poweredByFoursquare_gray@2x.png */; };
		F72949E5187FCBDF00E2BFF8 /* FSConverter.m in Sources */ = {isa = PBXBuildFile; fileRef = F72949E2187FCBDF00E2BFF8 /* FSConverter.m */; };
		F72949E6187FCBDF00E2BFF8 /* FSVenue.m in Sources */ = {isa = PBXBuildFile; fileRef = F72949E4187FCBDF00E2BFF8 /* FSVenue.m */; };
		F72949E8187FCC2200E2BFF8 /* StoreKit.framework in Frameworks */ = {isa = PBXBuildFile; fileRef = F72949E7187FCC2200E2BFF8 /* StoreKit.framework */; };
		F72949EA187FCC2700E2BFF8 /* MapKit.framework in Frameworks */ = {isa = PBXBuildFile; fileRef = F72949E9187FCC2600E2BFF8 /* MapKit.framework */; };
		F72949EC187FCC2D00E2BFF8 /* CoreLocation.framework in Frameworks */ = {isa = PBXBuildFile; fileRef = F72949EB187FCC2D00E2BFF8 /* CoreLocation.framework */; };
		F72949F8187FEFD800E2BFF8 /* AutoCoding+RecursiveParsing.m in Sources */ = {isa = PBXBuildFile; fileRef = F72949F5187FEFD800E2BFF8 /* AutoCoding+RecursiveParsing.m */; };
		F72949F9187FEFD800E2BFF8 /* AutoCoding.m in Sources */ = {isa = PBXBuildFile; fileRef = F72949F7187FEFD800E2BFF8 /* AutoCoding.m */; };
		F72949FC187FF00200E2BFF8 /* FSData.m in Sources */ = {isa = PBXBuildFile; fileRef = F72949FB187FF00200E2BFF8 /* FSData.m */; };
		F72949FF187FF0B700E2BFF8 /* FSService.m in Sources */ = {isa = PBXBuildFile; fileRef = F72949FE187FF0B700E2BFF8 /* FSService.m */; };
		F76972171887873A00E2C2B4 /* VenueMapViewController.m in Sources */ = {isa = PBXBuildFile; fileRef = F76972161887873A00E2C2B4 /* VenueMapViewController.m */; };
		F769721B1887AC6800E2C2B4 /* SVProgressHUD.bundle in Resources */ = {isa = PBXBuildFile; fileRef = F76972181887AC6800E2C2B4 /* SVProgressHUD.bundle */; };
		F769721C1887AC6800E2C2B4 /* SVProgressHUD.m in Sources */ = {isa = PBXBuildFile; fileRef = F769721A1887AC6800E2C2B4 /* SVProgressHUD.m */; };
		F76972D71887B73800E2C2B4 /* AmericanRestaurant in Resources */ = {isa = PBXBuildFile; fileRef = F76972991887B73700E2C2B4 /* AmericanRestaurant */; };
		F76972D81887B73800E2C2B4 /* AsianRestaurant in Resources */ = {isa = PBXBuildFile; fileRef = F769729A1887B73700E2C2B4 /* AsianRestaurant */; };
		F76972D91887B73800E2C2B4 /* AustralianRestaurant in Resources */ = {isa = PBXBuildFile; fileRef = F769729B1887B73700E2C2B4 /* AustralianRestaurant */; };
		F76972DA1887B73800E2C2B4 /* Bank in Resources */ = {isa = PBXBuildFile; fileRef = F769729C1887B73700E2C2B4 /* Bank */; };
		F76972DB1887B73800E2C2B4 /* Bar in Resources */ = {isa = PBXBuildFile; fileRef = F769729D1887B73700E2C2B4 /* Bar */; };
		F76972DC1887B73800E2C2B4 /* BBQJoint in Resources */ = {isa = PBXBuildFile; fileRef = F769729E1887B73700E2C2B4 /* BBQJoint */; };
		F76972DD1887B73800E2C2B4 /* Bookstore in Resources */ = {isa = PBXBuildFile; fileRef = F769729F1887B73700E2C2B4 /* Bookstore */; };
		F76972DE1887B73800E2C2B4 /* Bridge in Resources */ = {isa = PBXBuildFile; fileRef = F76972A01887B73700E2C2B4 /* Bridge */; };
		F76972DF1887B73800E2C2B4 /* Building in Resources */ = {isa = PBXBuildFile; fileRef = F76972A11887B73700E2C2B4 /* Building */; };
		F76972E01887B73800E2C2B4 /* Café in Resources */ = {isa = PBXBuildFile; fileRef = F76972A21887B73700E2C2B4 /* Café */; };
		F76972E11887B73800E2C2B4 /* CaribbeanRestaurant in Resources */ = {isa = PBXBuildFile; fileRef = F76972A31887B73700E2C2B4 /* CaribbeanRestaurant */; };
		F76972E21887B73800E2C2B4 /* ChineseRestaurant in Resources */ = {isa = PBXBuildFile; fileRef = F76972A41887B73700E2C2B4 /* ChineseRestaurant */; };
		F76972E31887B73800E2C2B4 /* CocktailBar in Resources */ = {isa = PBXBuildFile; fileRef = F76972A51887B73700E2C2B4 /* CocktailBar */; };
		F76972E41887B73800E2C2B4 /* CoffeeShop in Resources */ = {isa = PBXBuildFile; fileRef = F76972A61887B73700E2C2B4 /* CoffeeShop */; };
		F76972E51887B73800E2C2B4 /* CommunityCollege in Resources */ = {isa = PBXBuildFile; fileRef = F76972A71887B73700E2C2B4 /* CommunityCollege */; };
		F76972E61887B73800E2C2B4 /* ConvenienceStore in Resources */ = {isa = PBXBuildFile; fileRef = F76972A81887B73700E2C2B4 /* ConvenienceStore */; };
		F76972E71887B73800E2C2B4 /* Daycare in Resources */ = {isa = PBXBuildFile; fileRef = F76972A91887B73700E2C2B4 /* Daycare */; };
		F76972E81887B73800E2C2B4 /* DesignStudio in Resources */ = {isa = PBXBuildFile; fileRef = F76972AA1887B73700E2C2B4 /* DesignStudio */; };
		F76972E91887B73800E2C2B4 /* DessertShop in Resources */ = {isa = PBXBuildFile; fileRef = F76972AB1887B73700E2C2B4 /* DessertShop */; };
		F76972EA1887B73800E2C2B4 /* DimSumRestaurant in Resources */ = {isa = PBXBuildFile; fileRef = F76972AC1887B73700E2C2B4 /* DimSumRestaurant */; };
		F76972EB1887B73800E2C2B4 /* ElectronicsStore in Resources */ = {isa = PBXBuildFile; fileRef = F76972AD1887B73700E2C2B4 /* ElectronicsStore */; };
		F76972EC1887B73800E2C2B4 /* EventSpace in Resources */ = {isa = PBXBuildFile; fileRef = F76972AE1887B73700E2C2B4 /* EventSpace */; };
		F76972ED1887B73800E2C2B4 /* Factory in Resources */ = {isa = PBXBuildFile; fileRef = F76972AF1887B73700E2C2B4 /* Factory */; };
		F76972EE1887B73800E2C2B4 /* FleaMarket in Resources */ = {isa = PBXBuildFile; fileRef = F76972B01887B73700E2C2B4 /* FleaMarket */; };
		F76972EF1887B73800E2C2B4 /* FoodCourt in Resources */ = {isa = PBXBuildFile; fileRef = F76972B11887B73700E2C2B4 /* FoodCourt */; };
		F76972F01887B73800E2C2B4 /* FurnitureHomeStore in Resources */ = {isa = PBXBuildFile; fileRef = F76972B21887B73700E2C2B4 /* FurnitureHomeStore */; };
		F76972F11887B73800E2C2B4 /* GeneralEntertainment in Resources */ = {isa = PBXBuildFile; fileRef = F76972B31887B73700E2C2B4 /* GeneralEntertainment */; };
		F76972F21887B73800E2C2B4 /* GroceryStore in Resources */ = {isa = PBXBuildFile; fileRef = F76972B41887B73700E2C2B4 /* GroceryStore */; };
		F76972F31887B73800E2C2B4 /* HobbyShop in Resources */ = {isa = PBXBuildFile; fileRef = F76972B51887B73700E2C2B4 /* HobbyShop */; };
		F76972F41887B73800E2C2B4 /* Hospital in Resources */ = {isa = PBXBuildFile; fileRef = F76972B61887B73700E2C2B4 /* Hospital */; };
		F76972F51887B73800E2C2B4 /* Hotel in Resources */ = {isa = PBXBuildFile; fileRef = F76972B71887B73700E2C2B4 /* Hotel */; };
		F76972F61887B73800E2C2B4 /* IceCreamShop in Resources */ = {isa = PBXBuildFile; fileRef = F76972B81887B73700E2C2B4 /* IceCreamShop */; };
		F76972F71887B73800E2C2B4 /* ItalianRestaurant in Resources */ = {isa = PBXBuildFile; fileRef = F76972B91887B73700E2C2B4 /* ItalianRestaurant */; };
		F76972F81887B73800E2C2B4 /* JapaneseRestaurant in Resources */ = {isa = PBXBuildFile; fileRef = F76972BA1887B73700E2C2B4 /* JapaneseRestaurant */; };
		F76972F91887B73800E2C2B4 /* KaraokeBar in Resources */ = {isa = PBXBuildFile; fileRef = F76972BB1887B73700E2C2B4 /* KaraokeBar */; };
		F76972FA1887B73800E2C2B4 /* Lounge in Resources */ = {isa = PBXBuildFile; fileRef = F76972BC1887B73700E2C2B4 /* Lounge */; };
		F76972FB1887B73800E2C2B4 /* MedicalCenter in Resources */ = {isa = PBXBuildFile; fileRef = F76972BD1887B73700E2C2B4 /* MedicalCenter */; };
		F76972FC1887B73800E2C2B4 /* MexicanRestaurant in Resources */ = {isa = PBXBuildFile; fileRef = F76972BE1887B73700E2C2B4 /* MexicanRestaurant */; };
		F76972FD1887B73800E2C2B4 /* MovingTarget in Resources */ = {isa = PBXBuildFile; fileRef = F76972BF1887B73700E2C2B4 /* MovingTarget */; };
		F76972FE1887B73800E2C2B4 /* Nightclub in Resources */ = {isa = PBXBuildFile; fileRef = F76972C01887B73700E2C2B4 /* Nightclub */; };
		F76972FF1887B73800E2C2B4 /* Office in Resources */ = {isa = PBXBuildFile; fileRef = F76972C11887B73700E2C2B4 /* Office */; };
		F76973001887B73800E2C2B4 /* PaperOfficeSuppliesStore in Resources */ = {isa = PBXBuildFile; fileRef = F76972C21887B73700E2C2B4 /* PaperOfficeSuppliesStore */; };
		F76973011887B73800E2C2B4 /* Parking in Resources */ = {isa = PBXBuildFile; fileRef = F76972C31887B73700E2C2B4 /* Parking */; };
		F76973021887B73800E2C2B4 /* PerformingArtsVenue in Resources */ = {isa = PBXBuildFile; fileRef = F76972C41887B73700E2C2B4 /* PerformingArtsVenue */; };
		F76973031887B73800E2C2B4 /* PizzaPlace in Resources */ = {isa = PBXBuildFile; fileRef = F76972C51887B73700E2C2B4 /* PizzaPlace */; };
		F76973041887B73800E2C2B4 /* PoliceStation in Resources */ = {isa = PBXBuildFile; fileRef = F76972C61887B73700E2C2B4 /* PoliceStation */; };
		F76973051887B73800E2C2B4 /* Professional&OtherPlaces in Resources */ = {isa = PBXBuildFile; fileRef = F76972C71887B73700E2C2B4 /* Professional&OtherPlaces */; };
		F76973061887B73800E2C2B4 /* RamenNoodleHouse in Resources */ = {isa = PBXBuildFile; fileRef = F76972C81887B73700E2C2B4 /* RamenNoodleHouse */; };
		F76973071887B73800E2C2B4 /* RecordShop in Resources */ = {isa = PBXBuildFile; fileRef = F76972C91887B73700E2C2B4 /* RecordShop */; };
		F76973081887B73800E2C2B4 /* ResidentialBuilding(ApartmentCondo) in Resources */ = {isa = PBXBuildFile; fileRef = F76972CA1887B73700E2C2B4 /* ResidentialBuilding(ApartmentCondo) */; };
		F76973091887B73800E2C2B4 /* Restaurant in Resources */ = {isa = PBXBuildFile; fileRef = F76972CB1887B73700E2C2B4 /* Restaurant */; };
		F769730A1887B73800E2C2B4 /* SalonBarbershop in Resources */ = {isa = PBXBuildFile; fileRef = F76972CC1887B73700E2C2B4 /* SalonBarbershop */; };
		F769730B1887B73800E2C2B4 /* SeafoodRestaurant in Resources */ = {isa = PBXBuildFile; fileRef = F76972CD1887B73800E2C2B4 /* SeafoodRestaurant */; };
		F769730C1887B73800E2C2B4 /* SoupPlace in Resources */ = {isa = PBXBuildFile; fileRef = F76972CE1887B73800E2C2B4 /* SoupPlace */; };
		F769730D1887B73800E2C2B4 /* SpaMassage in Resources */ = {isa = PBXBuildFile; fileRef = F76972CF1887B73800E2C2B4 /* SpaMassage */; };
		F769730E1887B73800E2C2B4 /* Steakhouse in Resources */ = {isa = PBXBuildFile; fileRef = F76972D01887B73800E2C2B4 /* Steakhouse */; };
		F769730F1887B73800E2C2B4 /* TaiwaneseRestaurant in Resources */ = {isa = PBXBuildFile; fileRef = F76972D11887B73800E2C2B4 /* TaiwaneseRestaurant */; };
		F76973101887B73800E2C2B4 /* TeaRoom in Resources */ = {isa = PBXBuildFile; fileRef = F76972D21887B73800E2C2B4 /* TeaRoom */; };
		F76973111887B73800E2C2B4 /* TechStartup in Resources */ = {isa = PBXBuildFile; fileRef = F76972D31887B73800E2C2B4 /* TechStartup */; };
		F76973121887B73800E2C2B4 /* ThaiRestaurant in Resources */ = {isa = PBXBuildFile; fileRef = F76972D41887B73800E2C2B4 /* ThaiRestaurant */; };
		F76973131887B73800E2C2B4 /* University in Resources */ = {isa = PBXBuildFile; fileRef = F76972D51887B73800E2C2B4 /* University */; };
		F76973141887B73800E2C2B4 /* VietnameseRestaurant in Resources */ = {isa = PBXBuildFile; fileRef = F76972D61887B73800E2C2B4 /* VietnameseRestaurant */; };
		F7AA8F6618AB7138005BEECB /* blurFoodBg.png in Resources */ = {isa = PBXBuildFile; fileRef = F7AA8F6518AB7138005BEECB /* blurFoodBg.png */; };
		F7AA8F6A18AB7FEA005BEECB /* OfficialWebPageViewController.m in Sources */ = {isa = PBXBuildFile; fileRef = F7AA8F6918AB7FEA005BEECB /* OfficialWebPageViewController.m */; };
		F7AE25E8189914B600137D34 /* reload_blue.png in Resources */ = {isa = PBXBuildFile; fileRef = F7AE25E7189914B600137D34 /* reload_blue.png */; };
		F7AE2648189920DE00137D34 /* MWCaptionView.m in Sources */ = {isa = PBXBuildFile; fileRef = F7AE25ED189920DE00137D34 /* MWCaptionView.m */; };
		F7AE2649189920DE00137D34 /* MWGridCell.m in Sources */ = {isa = PBXBuildFile; fileRef = F7AE25F0189920DE00137D34 /* MWGridCell.m */; };
		F7AE264A189920DE00137D34 /* MWGridViewController.m in Sources */ = {isa = PBXBuildFile; fileRef = F7AE25F2189920DE00137D34 /* MWGridViewController.m */; };
		F7AE264B189920DE00137D34 /* MWPhoto.m in Sources */ = {isa = PBXBuildFile; fileRef = F7AE25F4189920DE00137D34 /* MWPhoto.m */; };
		F7AE264C189920DE00137D34 /* MWPhotoBrowser.m in Sources */ = {isa = PBXBuildFile; fileRef = F7AE25F6189920DE00137D34 /* MWPhotoBrowser.m */; };
		F7AE264D189920DE00137D34 /* MWTapDetectingImageView.m in Sources */ = {isa = PBXBuildFile; fileRef = F7AE25FA189920DE00137D34 /* MWTapDetectingImageView.m */; };
		F7AE264E189920DE00137D34 /* MWTapDetectingView.m in Sources */ = {isa = PBXBuildFile; fileRef = F7AE25FC189920DE00137D34 /* MWTapDetectingView.m */; };
		F7AE264F189920DE00137D34 /* MWZoomingScrollView.m in Sources */ = {isa = PBXBuildFile; fileRef = F7AE25FE189920DE00137D34 /* MWZoomingScrollView.m */; };
		F7AE2650189920DE00137D34 /* DACircularProgressView.m in Sources */ = {isa = PBXBuildFile; fileRef = F7AE2602189920DE00137D34 /* DACircularProgressView.m */; };
		F7AE2651189920DE00137D34 /* MBProgressHUD.m in Sources */ = {isa = PBXBuildFile; fileRef = F7AE2605189920DE00137D34 /* MBProgressHUD.m */; };
		F7AE2652189920DE00137D34 /* README.mdown in Resources */ = {isa = PBXBuildFile; fileRef = F7AE2606189920DE00137D34 /* README.mdown */; };
		F7AE2653189920DE00137D34 /* NSIndexPath+PSTCollectionViewAdditions.m in Sources */ = {isa = PBXBuildFile; fileRef = F7AE2609189920DE00137D34 /* NSIndexPath+PSTCollectionViewAdditions.m */; };
		F7AE2654189920DE00137D34 /* PSTCollectionView.m in Sources */ = {isa = PBXBuildFile; fileRef = F7AE260B189920DE00137D34 /* PSTCollectionView.m */; };
		F7AE2655189920DE00137D34 /* PSTCollectionViewCell.m in Sources */ = {isa = PBXBuildFile; fileRef = F7AE260D189920DE00137D34 /* PSTCollectionViewCell.m */; };
		F7AE2656189920DE00137D34 /* PSTCollectionViewController.m in Sources */ = {isa = PBXBuildFile; fileRef = F7AE2610189920DE00137D34 /* PSTCollectionViewController.m */; };
		F7AE2657189920DE00137D34 /* PSTCollectionViewData.m in Sources */ = {isa = PBXBuildFile; fileRef = F7AE2612189920DE00137D34 /* PSTCollectionViewData.m */; };
		F7AE2658189920DE00137D34 /* PSTCollectionViewFlowLayout.m in Sources */ = {isa = PBXBuildFile; fileRef = F7AE2614189920DE00137D34 /* PSTCollectionViewFlowLayout.m */; };
		F7AE2659189920DE00137D34 /* PSTCollectionViewItemKey.m in Sources */ = {isa = PBXBuildFile; fileRef = F7AE2616189920DE00137D34 /* PSTCollectionViewItemKey.m */; };
		F7AE265A189920DE00137D34 /* PSTCollectionViewLayout.m in Sources */ = {isa = PBXBuildFile; fileRef = F7AE2619189920DE00137D34 /* PSTCollectionViewLayout.m */; };
		F7AE265B189920DE00137D34 /* PSTCollectionViewUpdateItem.m in Sources */ = {isa = PBXBuildFile; fileRef = F7AE261B189920DE00137D34 /* PSTCollectionViewUpdateItem.m */; };
		F7AE265C189920DE00137D34 /* PSTGridLayoutInfo.m in Sources */ = {isa = PBXBuildFile; fileRef = F7AE261D189920DE00137D34 /* PSTGridLayoutInfo.m */; };
		F7AE265D189920DE00137D34 /* PSTGridLayoutItem.m in Sources */ = {isa = PBXBuildFile; fileRef = F7AE261F189920DE00137D34 /* PSTGridLayoutItem.m */; };
		F7AE265E189920DE00137D34 /* PSTGridLayoutRow.m in Sources */ = {isa = PBXBuildFile; fileRef = F7AE2621189920DE00137D34 /* PSTGridLayoutRow.m */; };
		F7AE265F189920DE00137D34 /* PSTGridLayoutSection.m in Sources */ = {isa = PBXBuildFile; fileRef = F7AE2623189920DE00137D34 /* PSTGridLayoutSection.m */; };
		F7AE2660189920DE00137D34 /* LICENSE in Resources */ = {isa = PBXBuildFile; fileRef = F7AE2625189920DE00137D34 /* LICENSE */; };
		F7AE2661189920DE00137D34 /* README.md in Resources */ = {isa = PBXBuildFile; fileRef = F7AE2626189920DE00137D34 /* README.md */; };
		F7AE2662189920DF00137D34 /* NSData+GIF.m in Sources */ = {isa = PBXBuildFile; fileRef = F7AE2629189920DE00137D34 /* NSData+GIF.m */; };
		F7AE2663189920DF00137D34 /* SDImageCache.m in Sources */ = {isa = PBXBuildFile; fileRef = F7AE262B189920DE00137D34 /* SDImageCache.m */; };
		F7AE2664189920DF00137D34 /* SDWebImageCompat.m in Sources */ = {isa = PBXBuildFile; fileRef = F7AE262D189920DE00137D34 /* SDWebImageCompat.m */; };
		F7AE2665189920DF00137D34 /* SDWebImageDecoder.m in Sources */ = {isa = PBXBuildFile; fileRef = F7AE262F189920DE00137D34 /* SDWebImageDecoder.m */; };
		F7AE2666189920DF00137D34 /* SDWebImageDownloader.m in Sources */ = {isa = PBXBuildFile; fileRef = F7AE2631189920DE00137D34 /* SDWebImageDownloader.m */; };
		F7AE2667189920DF00137D34 /* SDWebImageDownloaderOperation.m in Sources */ = {isa = PBXBuildFile; fileRef = F7AE2633189920DE00137D34 /* SDWebImageDownloaderOperation.m */; };
		F7AE2668189920DF00137D34 /* SDWebImageManager.m in Sources */ = {isa = PBXBuildFile; fileRef = F7AE2635189920DE00137D34 /* SDWebImageManager.m */; };
		F7AE2669189920DF00137D34 /* SDWebImagePrefetcher.m in Sources */ = {isa = PBXBuildFile; fileRef = F7AE2638189920DE00137D34 /* SDWebImagePrefetcher.m */; };
		F7AE266A189920DF00137D34 /* UIButton+WebCache.m in Sources */ = {isa = PBXBuildFile; fileRef = F7AE263A189920DE00137D34 /* UIButton+WebCache.m */; };
		F7AE266B189920DF00137D34 /* UIImage+GIF.m in Sources */ = {isa = PBXBuildFile; fileRef = F7AE263C189920DE00137D34 /* UIImage+GIF.m */; };
		F7AE266C189920DF00137D34 /* UIImage+MultiFormat.m in Sources */ = {isa = PBXBuildFile; fileRef = F7AE263E189920DE00137D34 /* UIImage+MultiFormat.m */; };
		F7AE266D189920DF00137D34 /* UIImage+WebP.m in Sources */ = {isa = PBXBuildFile; fileRef = F7AE2640189920DE00137D34 /* UIImage+WebP.m */; };
		F7AE266E189920DF00137D34 /* UIImageView+WebCache.m in Sources */ = {isa = PBXBuildFile; fileRef = F7AE2642189920DE00137D34 /* UIImageView+WebCache.m */; };
		F7AE266F189920DF00137D34 /* MWPhotoBrowser.bundle in Resources */ = {isa = PBXBuildFile; fileRef = F7AE2644189920DE00137D34 /* MWPhotoBrowser.bundle */; };
/* End PBXBuildFile section */

/* Begin PBXContainerItemProxy section */
		F72949AE187FC97D00E2BFF8 /* PBXContainerItemProxy */ = {
			isa = PBXContainerItemProxy;
			containerPortal = F7294980187FC97D00E2BFF8 /* Project object */;
			proxyType = 1;
			remoteGlobalIDString = F7294987187FC97D00E2BFF8;
			remoteInfo = FSQProject;
		};
		F7AE2671189920DF00137D34 /* PBXContainerItemProxy */ = {
			isa = PBXContainerItemProxy;
			containerPortal = F7AE2645189920DE00137D34 /* MWPhotoBrowser.xcodeproj */;
			proxyType = 2;
			remoteGlobalIDString = 4C6F96C414AF704100F8389A;
			remoteInfo = MWPhotoBrowser;
		};
/* End PBXContainerItemProxy section */

/* Begin PBXFileReference section */
		617D376A18AA62990096D63C /* DemoViewController.h */ = {isa = PBXFileReference; fileEncoding = 4; lastKnownFileType = sourcecode.c.h; path = DemoViewController.h; sourceTree = "<group>"; };
		617D376B18AA62990096D63C /* DemoViewController.m */ = {isa = PBXFileReference; fileEncoding = 4; lastKnownFileType = sourcecode.c.objc; path = DemoViewController.m; sourceTree = "<group>"; };
		617D376D18AA659A0096D63C /* VenueDetailViewController.h */ = {isa = PBXFileReference; fileEncoding = 4; lastKnownFileType = sourcecode.c.h; path = VenueDetailViewController.h; sourceTree = "<group>"; };
		617D376E18AA659A0096D63C /* VenueDetailViewController.m */ = {isa = PBXFileReference; fileEncoding = 4; lastKnownFileType = sourcecode.c.objc; path = VenueDetailViewController.m; sourceTree = "<group>"; };
		617D377018AA68560096D63C /* AutoCoding.h */ = {isa = PBXFileReference; fileEncoding = 4; lastKnownFileType = sourcecode.c.h; path = AutoCoding.h; sourceTree = "<group>"; };
		617D377118AA68560096D63C /* AutoCoding.m */ = {isa = PBXFileReference; fileEncoding = 4; lastKnownFileType = sourcecode.c.objc; path = AutoCoding.m; sourceTree = "<group>"; };
		F7294988187FC97D00E2BFF8 /* FSQProject.app */ = {isa = PBXFileReference; explicitFileType = wrapper.application; includeInIndex = 0; path = FSQProject.app; sourceTree = BUILT_PRODUCTS_DIR; };
		F729498B187FC97D00E2BFF8 /* Foundation.framework */ = {isa = PBXFileReference; lastKnownFileType = wrapper.framework; name = Foundation.framework; path = System/Library/Frameworks/Foundation.framework; sourceTree = SDKROOT; };
		F729498D187FC97D00E2BFF8 /* CoreGraphics.framework */ = {isa = PBXFileReference; lastKnownFileType = wrapper.framework; name = CoreGraphics.framework; path = System/Library/Frameworks/CoreGraphics.framework; sourceTree = SDKROOT; };
		F729498F187FC97D00E2BFF8 /* UIKit.framework */ = {isa = PBXFileReference; lastKnownFileType = wrapper.framework; name = UIKit.framework; path = System/Library/Frameworks/UIKit.framework; sourceTree = SDKROOT; };
		F7294993187FC97D00E2BFF8 /* FSQProject-Info.plist */ = {isa = PBXFileReference; lastKnownFileType = text.plist.xml; path = "FSQProject-Info.plist"; sourceTree = "<group>"; };
		F7294995187FC97D00E2BFF8 /* en */ = {isa = PBXFileReference; lastKnownFileType = text.plist.strings; name = en; path = en.lproj/InfoPlist.strings; sourceTree = "<group>"; };
		F7294997187FC97D00E2BFF8 /* main.m */ = {isa = PBXFileReference; lastKnownFileType = sourcecode.c.objc; path = main.m; sourceTree = "<group>"; };
		F7294999187FC97D00E2BFF8 /* FSQProject-Prefix.pch */ = {isa = PBXFileReference; lastKnownFileType = sourcecode.c.h; path = "FSQProject-Prefix.pch"; sourceTree = "<group>"; };
		F729499A187FC97D00E2BFF8 /* AppDelegate.h */ = {isa = PBXFileReference; lastKnownFileType = sourcecode.c.h; path = AppDelegate.h; sourceTree = "<group>"; };
		F729499B187FC97D00E2BFF8 /* AppDelegate.m */ = {isa = PBXFileReference; lastKnownFileType = sourcecode.c.objc; path = AppDelegate.m; sourceTree = "<group>"; };
		F729499E187FC97D00E2BFF8 /* Base */ = {isa = PBXFileReference; lastKnownFileType = file.storyboard; name = Base; path = Base.lproj/Main.storyboard; sourceTree = "<group>"; };
		F72949A0187FC97D00E2BFF8 /* NearbyVenuesViewController.h */ = {isa = PBXFileReference; lastKnownFileType = sourcecode.c.h; path = NearbyVenuesViewController.h; sourceTree = "<group>"; };
		F72949A1187FC97D00E2BFF8 /* NearbyVenuesViewController.m */ = {isa = PBXFileReference; lastKnownFileType = sourcecode.c.objc; path = NearbyVenuesViewController.m; sourceTree = "<group>"; };
		F72949A3187FC97D00E2BFF8 /* Images.xcassets */ = {isa = PBXFileReference; lastKnownFileType = folder.assetcatalog; path = Images.xcassets; sourceTree = "<group>"; };
		F72949A9187FC97D00E2BFF8 /* FSQProjectTests.xctest */ = {isa = PBXFileReference; explicitFileType = wrapper.cfbundle; includeInIndex = 0; path = FSQProjectTests.xctest; sourceTree = BUILT_PRODUCTS_DIR; };
		F72949AA187FC97D00E2BFF8 /* XCTest.framework */ = {isa = PBXFileReference; lastKnownFileType = wrapper.framework; name = XCTest.framework; path = Library/Frameworks/XCTest.framework; sourceTree = DEVELOPER_DIR; };
		F72949B2187FC97D00E2BFF8 /* FSQProjectTests-Info.plist */ = {isa = PBXFileReference; lastKnownFileType = text.plist.xml; path = "FSQProjectTests-Info.plist"; sourceTree = "<group>"; };
		F72949B4187FC97D00E2BFF8 /* en */ = {isa = PBXFileReference; lastKnownFileType = text.plist.strings; name = en; path = en.lproj/InfoPlist.strings; sourceTree = "<group>"; };
		F72949B6187FC97D00E2BFF8 /* FSQProjectTests.m */ = {isa = PBXFileReference; lastKnownFileType = sourcecode.c.objc; path = FSQProjectTests.m; sourceTree = "<group>"; };
		F72949C1187FC9E900E2BFF8 /* CHANGELOG.md */ = {isa = PBXFileReference; fileEncoding = 4; lastKnownFileType = text; path = CHANGELOG.md; sourceTree = "<group>"; };
		F72949C2187FC9E900E2BFF8 /* Foursquare2.h */ = {isa = PBXFileReference; fileEncoding = 4; lastKnownFileType = sourcecode.c.h; path = Foursquare2.h; sourceTree = "<group>"; };
		F72949C3187FC9E900E2BFF8 /* Foursquare2.m */ = {isa = PBXFileReference; fileEncoding = 4; lastKnownFileType = sourcecode.c.objc; path = Foursquare2.m; sourceTree = "<group>"; };
		F72949C4187FC9E900E2BFF8 /* FSOAuth.h */ = {isa = PBXFileReference; fileEncoding = 4; lastKnownFileType = sourcecode.c.h; path = FSOAuth.h; sourceTree = "<group>"; };
		F72949C5187FC9E900E2BFF8 /* FSOAuth.m */ = {isa = PBXFileReference; fileEncoding = 4; lastKnownFileType = sourcecode.c.objc; path = FSOAuth.m; sourceTree = "<group>"; };
		F72949C6187FC9E900E2BFF8 /* FSRequester.h */ = {isa = PBXFileReference; fileEncoding = 4; lastKnownFileType = sourcecode.c.h; path = FSRequester.h; sourceTree = "<group>"; };
		F72949C7187FC9E900E2BFF8 /* FSRequester.m */ = {isa = PBXFileReference; fileEncoding = 4; lastKnownFileType = sourcecode.c.objc; path = FSRequester.m; sourceTree = "<group>"; };
		F72949C8187FC9E900E2BFF8 /* FSTargetCallback.h */ = {isa = PBXFileReference; fileEncoding = 4; lastKnownFileType = sourcecode.c.h; path = FSTargetCallback.h; sourceTree = "<group>"; };
		F72949C9187FC9E900E2BFF8 /* FSTargetCallback.m */ = {isa = PBXFileReference; fileEncoding = 4; lastKnownFileType = sourcecode.c.objc; path = FSTargetCallback.m; sourceTree = "<group>"; };
		F72949CA187FC9E900E2BFF8 /* FSWebLogin.h */ = {isa = PBXFileReference; fileEncoding = 4; lastKnownFileType = sourcecode.c.h; path = FSWebLogin.h; sourceTree = "<group>"; };
		F72949CB187FC9E900E2BFF8 /* FSWebLogin.m */ = {isa = PBXFileReference; fileEncoding = 4; lastKnownFileType = sourcecode.c.objc; path = FSWebLogin.m; sourceTree = "<group>"; };
		F72949CC187FC9E900E2BFF8 /* FSWebLogin.xib */ = {isa = PBXFileReference; fileEncoding = 4; lastKnownFileType = file.xib; path = FSWebLogin.xib; sourceTree = "<group>"; };
		F72949CD187FC9E900E2BFF8 /* pin.png */ = {isa = PBXFileReference; lastKnownFileType = image.png; path = pin.png; sourceTree = "<group>"; };
		F72949CE187FC9E900E2BFF8 /* pin@2x.png */ = {isa = PBXFileReference; lastKnownFileType = image.png; path = "pin@2x.png"; sourceTree = "<group>"; };
		F72949CF187FC9E900E2BFF8 /* poweredByFoursquare_gray.png */ = {isa = PBXFileReference; lastKnownFileType = image.png; path = poweredByFoursquare_gray.png; sourceTree = "<group>"; };
		F72949D0187FC9E900E2BFF8 /* poweredByFoursquare_gray@2x.png */ = {isa = PBXFileReference; lastKnownFileType = image.png; path = "poweredByFoursquare_gray@2x.png"; sourceTree = "<group>"; };
		F72949E1187FCBDF00E2BFF8 /* FSConverter.h */ = {isa = PBXFileReference; fileEncoding = 4; lastKnownFileType = sourcecode.c.h; path = FSConverter.h; sourceTree = "<group>"; };
		F72949E2187FCBDF00E2BFF8 /* FSConverter.m */ = {isa = PBXFileReference; fileEncoding = 4; lastKnownFileType = sourcecode.c.objc; path = FSConverter.m; sourceTree = "<group>"; };
		F72949E3187FCBDF00E2BFF8 /* FSVenue.h */ = {isa = PBXFileReference; fileEncoding = 4; lastKnownFileType = sourcecode.c.h; path = FSVenue.h; sourceTree = "<group>"; };
		F72949E4187FCBDF00E2BFF8 /* FSVenue.m */ = {isa = PBXFileReference; fileEncoding = 4; lastKnownFileType = sourcecode.c.objc; path = FSVenue.m; sourceTree = "<group>"; };
		F72949E7187FCC2200E2BFF8 /* StoreKit.framework */ = {isa = PBXFileReference; lastKnownFileType = wrapper.framework; name = StoreKit.framework; path = System/Library/Frameworks/StoreKit.framework; sourceTree = SDKROOT; };
		F72949E9187FCC2600E2BFF8 /* MapKit.framework */ = {isa = PBXFileReference; lastKnownFileType = wrapper.framework; name = MapKit.framework; path = System/Library/Frameworks/MapKit.framework; sourceTree = SDKROOT; };
		F72949EB187FCC2D00E2BFF8 /* CoreLocation.framework */ = {isa = PBXFileReference; lastKnownFileType = wrapper.framework; name = CoreLocation.framework; path = System/Library/Frameworks/CoreLocation.framework; sourceTree = SDKROOT; };
		F72949F4187FEFD800E2BFF8 /* AutoCoding+RecursiveParsing.h */ = {isa = PBXFileReference; fileEncoding = 4; lastKnownFileType = sourcecode.c.h; path = "AutoCoding+RecursiveParsing.h"; sourceTree = "<group>"; };
		F72949F5187FEFD800E2BFF8 /* AutoCoding+RecursiveParsing.m */ = {isa = PBXFileReference; fileEncoding = 4; lastKnownFileType = sourcecode.c.objc; path = "AutoCoding+RecursiveParsing.m"; sourceTree = "<group>"; };
		F72949F6187FEFD800E2BFF8 /* AutoCoding.h */ = {isa = PBXFileReference; fileEncoding = 4; lastKnownFileType = sourcecode.c.h; path = AutoCoding.h; sourceTree = "<group>"; };
		F72949F7187FEFD800E2BFF8 /* AutoCoding.m */ = {isa = PBXFileReference; fileEncoding = 4; lastKnownFileType = sourcecode.c.objc; path = AutoCoding.m; sourceTree = "<group>"; };
		F72949FA187FF00200E2BFF8 /* FSData.h */ = {isa = PBXFileReference; fileEncoding = 4; lastKnownFileType = sourcecode.c.h; path = FSData.h; sourceTree = "<group>"; };
		F72949FB187FF00200E2BFF8 /* FSData.m */ = {isa = PBXFileReference; fileEncoding = 4; lastKnownFileType = sourcecode.c.objc; path = FSData.m; sourceTree = "<group>"; };
		F72949FD187FF0B700E2BFF8 /* FSService.h */ = {isa = PBXFileReference; fileEncoding = 4; lastKnownFileType = sourcecode.c.h; path = FSService.h; sourceTree = "<group>"; };
		F72949FE187FF0B700E2BFF8 /* FSService.m */ = {isa = PBXFileReference; fileEncoding = 4; lastKnownFileType = sourcecode.c.objc; path = FSService.m; sourceTree = "<group>"; };
		F76972151887873A00E2C2B4 /* VenueMapViewController.h */ = {isa = PBXFileReference; fileEncoding = 4; lastKnownFileType = sourcecode.c.h; path = VenueMapViewController.h; sourceTree = "<group>"; };
		F76972161887873A00E2C2B4 /* VenueMapViewController.m */ = {isa = PBXFileReference; fileEncoding = 4; lastKnownFileType = sourcecode.c.objc; path = VenueMapViewController.m; sourceTree = "<group>"; };
		F76972181887AC6800E2C2B4 /* SVProgressHUD.bundle */ = {isa = PBXFileReference; lastKnownFileType = "wrapper.plug-in"; path = SVProgressHUD.bundle; sourceTree = "<group>"; };
		F76972191887AC6800E2C2B4 /* SVProgressHUD.h */ = {isa = PBXFileReference; fileEncoding = 4; lastKnownFileType = sourcecode.c.h; path = SVProgressHUD.h; sourceTree = "<group>"; };
		F769721A1887AC6800E2C2B4 /* SVProgressHUD.m */ = {isa = PBXFileReference; fileEncoding = 4; lastKnownFileType = sourcecode.c.objc; path = SVProgressHUD.m; sourceTree = "<group>"; };
		F76972991887B73700E2C2B4 /* AmericanRestaurant */ = {isa = PBXFileReference; lastKnownFileType = file; path = AmericanRestaurant; sourceTree = "<group>"; };
		F769729A1887B73700E2C2B4 /* AsianRestaurant */ = {isa = PBXFileReference; lastKnownFileType = file; path = AsianRestaurant; sourceTree = "<group>"; };
		F769729B1887B73700E2C2B4 /* AustralianRestaurant */ = {isa = PBXFileReference; lastKnownFileType = file; path = AustralianRestaurant; sourceTree = "<group>"; };
		F769729C1887B73700E2C2B4 /* Bank */ = {isa = PBXFileReference; lastKnownFileType = file; path = Bank; sourceTree = "<group>"; };
		F769729D1887B73700E2C2B4 /* Bar */ = {isa = PBXFileReference; lastKnownFileType = file; path = Bar; sourceTree = "<group>"; };
		F769729E1887B73700E2C2B4 /* BBQJoint */ = {isa = PBXFileReference; lastKnownFileType = file; path = BBQJoint; sourceTree = "<group>"; };
		F769729F1887B73700E2C2B4 /* Bookstore */ = {isa = PBXFileReference; lastKnownFileType = file; path = Bookstore; sourceTree = "<group>"; };
		F76972A01887B73700E2C2B4 /* Bridge */ = {isa = PBXFileReference; lastKnownFileType = file; path = Bridge; sourceTree = "<group>"; };
		F76972A11887B73700E2C2B4 /* Building */ = {isa = PBXFileReference; lastKnownFileType = file; path = Building; sourceTree = "<group>"; };
		F76972A21887B73700E2C2B4 /* Café */ = {isa = PBXFileReference; lastKnownFileType = file; path = "Café"; sourceTree = "<group>"; };
		F76972A31887B73700E2C2B4 /* CaribbeanRestaurant */ = {isa = PBXFileReference; lastKnownFileType = file; path = CaribbeanRestaurant; sourceTree = "<group>"; };
		F76972A41887B73700E2C2B4 /* ChineseRestaurant */ = {isa = PBXFileReference; lastKnownFileType = file; path = ChineseRestaurant; sourceTree = "<group>"; };
		F76972A51887B73700E2C2B4 /* CocktailBar */ = {isa = PBXFileReference; lastKnownFileType = file; path = CocktailBar; sourceTree = "<group>"; };
		F76972A61887B73700E2C2B4 /* CoffeeShop */ = {isa = PBXFileReference; lastKnownFileType = file; path = CoffeeShop; sourceTree = "<group>"; };
		F76972A71887B73700E2C2B4 /* CommunityCollege */ = {isa = PBXFileReference; lastKnownFileType = file; path = CommunityCollege; sourceTree = "<group>"; };
		F76972A81887B73700E2C2B4 /* ConvenienceStore */ = {isa = PBXFileReference; lastKnownFileType = file; path = ConvenienceStore; sourceTree = "<group>"; };
		F76972A91887B73700E2C2B4 /* Daycare */ = {isa = PBXFileReference; lastKnownFileType = file; path = Daycare; sourceTree = "<group>"; };
		F76972AA1887B73700E2C2B4 /* DesignStudio */ = {isa = PBXFileReference; lastKnownFileType = file; path = DesignStudio; sourceTree = "<group>"; };
		F76972AB1887B73700E2C2B4 /* DessertShop */ = {isa = PBXFileReference; lastKnownFileType = file; path = DessertShop; sourceTree = "<group>"; };
		F76972AC1887B73700E2C2B4 /* DimSumRestaurant */ = {isa = PBXFileReference; lastKnownFileType = file; path = DimSumRestaurant; sourceTree = "<group>"; };
		F76972AD1887B73700E2C2B4 /* ElectronicsStore */ = {isa = PBXFileReference; lastKnownFileType = file; path = ElectronicsStore; sourceTree = "<group>"; };
		F76972AE1887B73700E2C2B4 /* EventSpace */ = {isa = PBXFileReference; lastKnownFileType = file; path = EventSpace; sourceTree = "<group>"; };
		F76972AF1887B73700E2C2B4 /* Factory */ = {isa = PBXFileReference; lastKnownFileType = file; path = Factory; sourceTree = "<group>"; };
		F76972B01887B73700E2C2B4 /* FleaMarket */ = {isa = PBXFileReference; lastKnownFileType = file; path = FleaMarket; sourceTree = "<group>"; };
		F76972B11887B73700E2C2B4 /* FoodCourt */ = {isa = PBXFileReference; lastKnownFileType = file; path = FoodCourt; sourceTree = "<group>"; };
		F76972B21887B73700E2C2B4 /* FurnitureHomeStore */ = {isa = PBXFileReference; lastKnownFileType = file; path = FurnitureHomeStore; sourceTree = "<group>"; };
		F76972B31887B73700E2C2B4 /* GeneralEntertainment */ = {isa = PBXFileReference; lastKnownFileType = file; path = GeneralEntertainment; sourceTree = "<group>"; };
		F76972B41887B73700E2C2B4 /* GroceryStore */ = {isa = PBXFileReference; lastKnownFileType = file; path = GroceryStore; sourceTree = "<group>"; };
		F76972B51887B73700E2C2B4 /* HobbyShop */ = {isa = PBXFileReference; lastKnownFileType = file; path = HobbyShop; sourceTree = "<group>"; };
		F76972B61887B73700E2C2B4 /* Hospital */ = {isa = PBXFileReference; lastKnownFileType = file; path = Hospital; sourceTree = "<group>"; };
		F76972B71887B73700E2C2B4 /* Hotel */ = {isa = PBXFileReference; lastKnownFileType = file; path = Hotel; sourceTree = "<group>"; };
		F76972B81887B73700E2C2B4 /* IceCreamShop */ = {isa = PBXFileReference; lastKnownFileType = file; path = IceCreamShop; sourceTree = "<group>"; };
		F76972B91887B73700E2C2B4 /* ItalianRestaurant */ = {isa = PBXFileReference; lastKnownFileType = file; path = ItalianRestaurant; sourceTree = "<group>"; };
		F76972BA1887B73700E2C2B4 /* JapaneseRestaurant */ = {isa = PBXFileReference; lastKnownFileType = file; path = JapaneseRestaurant; sourceTree = "<group>"; };
		F76972BB1887B73700E2C2B4 /* KaraokeBar */ = {isa = PBXFileReference; lastKnownFileType = file; path = KaraokeBar; sourceTree = "<group>"; };
		F76972BC1887B73700E2C2B4 /* Lounge */ = {isa = PBXFileReference; lastKnownFileType = file; path = Lounge; sourceTree = "<group>"; };
		F76972BD1887B73700E2C2B4 /* MedicalCenter */ = {isa = PBXFileReference; lastKnownFileType = file; path = MedicalCenter; sourceTree = "<group>"; };
		F76972BE1887B73700E2C2B4 /* MexicanRestaurant */ = {isa = PBXFileReference; lastKnownFileType = file; path = MexicanRestaurant; sourceTree = "<group>"; };
		F76972BF1887B73700E2C2B4 /* MovingTarget */ = {isa = PBXFileReference; lastKnownFileType = file; path = MovingTarget; sourceTree = "<group>"; };
		F76972C01887B73700E2C2B4 /* Nightclub */ = {isa = PBXFileReference; lastKnownFileType = file; path = Nightclub; sourceTree = "<group>"; };
		F76972C11887B73700E2C2B4 /* Office */ = {isa = PBXFileReference; lastKnownFileType = file; path = Office; sourceTree = "<group>"; };
		F76972C21887B73700E2C2B4 /* PaperOfficeSuppliesStore */ = {isa = PBXFileReference; lastKnownFileType = file; path = PaperOfficeSuppliesStore; sourceTree = "<group>"; };
		F76972C31887B73700E2C2B4 /* Parking */ = {isa = PBXFileReference; lastKnownFileType = file; path = Parking; sourceTree = "<group>"; };
		F76972C41887B73700E2C2B4 /* PerformingArtsVenue */ = {isa = PBXFileReference; lastKnownFileType = file; path = PerformingArtsVenue; sourceTree = "<group>"; };
		F76972C51887B73700E2C2B4 /* PizzaPlace */ = {isa = PBXFileReference; lastKnownFileType = file; path = PizzaPlace; sourceTree = "<group>"; };
		F76972C61887B73700E2C2B4 /* PoliceStation */ = {isa = PBXFileReference; lastKnownFileType = file; path = PoliceStation; sourceTree = "<group>"; };
		F76972C71887B73700E2C2B4 /* Professional&OtherPlaces */ = {isa = PBXFileReference; lastKnownFileType = file; path = "Professional&OtherPlaces"; sourceTree = "<group>"; };
		F76972C81887B73700E2C2B4 /* RamenNoodleHouse */ = {isa = PBXFileReference; lastKnownFileType = file; path = RamenNoodleHouse; sourceTree = "<group>"; };
		F76972C91887B73700E2C2B4 /* RecordShop */ = {isa = PBXFileReference; lastKnownFileType = file; path = RecordShop; sourceTree = "<group>"; };
		F76972CA1887B73700E2C2B4 /* ResidentialBuilding(ApartmentCondo) */ = {isa = PBXFileReference; lastKnownFileType = file; path = "ResidentialBuilding(ApartmentCondo)"; sourceTree = "<group>"; };
		F76972CB1887B73700E2C2B4 /* Restaurant */ = {isa = PBXFileReference; lastKnownFileType = file; path = Restaurant; sourceTree = "<group>"; };
		F76972CC1887B73700E2C2B4 /* SalonBarbershop */ = {isa = PBXFileReference; lastKnownFileType = file; path = SalonBarbershop; sourceTree = "<group>"; };
		F76972CD1887B73800E2C2B4 /* SeafoodRestaurant */ = {isa = PBXFileReference; lastKnownFileType = file; path = SeafoodRestaurant; sourceTree = "<group>"; };
		F76972CE1887B73800E2C2B4 /* SoupPlace */ = {isa = PBXFileReference; lastKnownFileType = file; path = SoupPlace; sourceTree = "<group>"; };
		F76972CF1887B73800E2C2B4 /* SpaMassage */ = {isa = PBXFileReference; lastKnownFileType = file; path = SpaMassage; sourceTree = "<group>"; };
		F76972D01887B73800E2C2B4 /* Steakhouse */ = {isa = PBXFileReference; lastKnownFileType = file; path = Steakhouse; sourceTree = "<group>"; };
		F76972D11887B73800E2C2B4 /* TaiwaneseRestaurant */ = {isa = PBXFileReference; lastKnownFileType = file; path = TaiwaneseRestaurant; sourceTree = "<group>"; };
		F76972D21887B73800E2C2B4 /* TeaRoom */ = {isa = PBXFileReference; lastKnownFileType = file; path = TeaRoom; sourceTree = "<group>"; };
		F76972D31887B73800E2C2B4 /* TechStartup */ = {isa = PBXFileReference; lastKnownFileType = file; path = TechStartup; sourceTree = "<group>"; };
		F76972D41887B73800E2C2B4 /* ThaiRestaurant */ = {isa = PBXFileReference; lastKnownFileType = file; path = ThaiRestaurant; sourceTree = "<group>"; };
		F76972D51887B73800E2C2B4 /* University */ = {isa = PBXFileReference; lastKnownFileType = file; path = University; sourceTree = "<group>"; };
		F76972D61887B73800E2C2B4 /* VietnameseRestaurant */ = {isa = PBXFileReference; lastKnownFileType = file; path = VietnameseRestaurant; sourceTree = "<group>"; };
		F7AA8F6518AB7138005BEECB /* blurFoodBg.png */ = {isa = PBXFileReference; lastKnownFileType = image.png; path = blurFoodBg.png; sourceTree = "<group>"; };
		F7AA8F6818AB7FEA005BEECB /* OfficialWebPageViewController.h */ = {isa = PBXFileReference; fileEncoding = 4; lastKnownFileType = sourcecode.c.h; path = OfficialWebPageViewController.h; sourceTree = "<group>"; };
		F7AA8F6918AB7FEA005BEECB /* OfficialWebPageViewController.m */ = {isa = PBXFileReference; fileEncoding = 4; lastKnownFileType = sourcecode.c.objc; path = OfficialWebPageViewController.m; sourceTree = "<group>"; };
		F7AE25E7189914B600137D34 /* reload_blue.png */ = {isa = PBXFileReference; lastKnownFileType = image.png; path = reload_blue.png; sourceTree = "<group>"; };
		F7AE25EC189920DE00137D34 /* MWCaptionView.h */ = {isa = PBXFileReference; fileEncoding = 4; lastKnownFileType = sourcecode.c.h; path = MWCaptionView.h; sourceTree = "<group>"; };
		F7AE25ED189920DE00137D34 /* MWCaptionView.m */ = {isa = PBXFileReference; fileEncoding = 4; lastKnownFileType = sourcecode.c.objc; path = MWCaptionView.m; sourceTree = "<group>"; };
		F7AE25EE189920DE00137D34 /* MWCommon.h */ = {isa = PBXFileReference; fileEncoding = 4; lastKnownFileType = sourcecode.c.h; path = MWCommon.h; sourceTree = "<group>"; };
		F7AE25EF189920DE00137D34 /* MWGridCell.h */ = {isa = PBXFileReference; fileEncoding = 4; lastKnownFileType = sourcecode.c.h; path = MWGridCell.h; sourceTree = "<group>"; };
		F7AE25F0189920DE00137D34 /* MWGridCell.m */ = {isa = PBXFileReference; fileEncoding = 4; lastKnownFileType = sourcecode.c.objc; path = MWGridCell.m; sourceTree = "<group>"; };
		F7AE25F1189920DE00137D34 /* MWGridViewController.h */ = {isa = PBXFileReference; fileEncoding = 4; lastKnownFileType = sourcecode.c.h; path = MWGridViewController.h; sourceTree = "<group>"; };
		F7AE25F2189920DE00137D34 /* MWGridViewController.m */ = {isa = PBXFileReference; fileEncoding = 4; lastKnownFileType = sourcecode.c.objc; path = MWGridViewController.m; sourceTree = "<group>"; };
		F7AE25F3189920DE00137D34 /* MWPhoto.h */ = {isa = PBXFileReference; fileEncoding = 4; lastKnownFileType = sourcecode.c.h; path = MWPhoto.h; sourceTree = "<group>"; };
		F7AE25F4189920DE00137D34 /* MWPhoto.m */ = {isa = PBXFileReference; fileEncoding = 4; lastKnownFileType = sourcecode.c.objc; path = MWPhoto.m; sourceTree = "<group>"; };
		F7AE25F5189920DE00137D34 /* MWPhotoBrowser.h */ = {isa = PBXFileReference; fileEncoding = 4; lastKnownFileType = sourcecode.c.h; path = MWPhotoBrowser.h; sourceTree = "<group>"; };
		F7AE25F6189920DE00137D34 /* MWPhotoBrowser.m */ = {isa = PBXFileReference; fileEncoding = 4; lastKnownFileType = sourcecode.c.objc; path = MWPhotoBrowser.m; sourceTree = "<group>"; };
		F7AE25F7189920DE00137D34 /* MWPhotoBrowserPrivate.h */ = {isa = PBXFileReference; fileEncoding = 4; lastKnownFileType = sourcecode.c.h; path = MWPhotoBrowserPrivate.h; sourceTree = "<group>"; };
		F7AE25F8189920DE00137D34 /* MWPhotoProtocol.h */ = {isa = PBXFileReference; fileEncoding = 4; lastKnownFileType = sourcecode.c.h; path = MWPhotoProtocol.h; sourceTree = "<group>"; };
		F7AE25F9189920DE00137D34 /* MWTapDetectingImageView.h */ = {isa = PBXFileReference; fileEncoding = 4; lastKnownFileType = sourcecode.c.h; path = MWTapDetectingImageView.h; sourceTree = "<group>"; };
		F7AE25FA189920DE00137D34 /* MWTapDetectingImageView.m */ = {isa = PBXFileReference; fileEncoding = 4; lastKnownFileType = sourcecode.c.objc; path = MWTapDetectingImageView.m; sourceTree = "<group>"; };
		F7AE25FB189920DE00137D34 /* MWTapDetectingView.h */ = {isa = PBXFileReference; fileEncoding = 4; lastKnownFileType = sourcecode.c.h; path = MWTapDetectingView.h; sourceTree = "<group>"; };
		F7AE25FC189920DE00137D34 /* MWTapDetectingView.m */ = {isa = PBXFileReference; fileEncoding = 4; lastKnownFileType = sourcecode.c.objc; path = MWTapDetectingView.m; sourceTree = "<group>"; };
		F7AE25FD189920DE00137D34 /* MWZoomingScrollView.h */ = {isa = PBXFileReference; fileEncoding = 4; lastKnownFileType = sourcecode.c.h; path = MWZoomingScrollView.h; sourceTree = "<group>"; };
		F7AE25FE189920DE00137D34 /* MWZoomingScrollView.m */ = {isa = PBXFileReference; fileEncoding = 4; lastKnownFileType = sourcecode.c.objc; path = MWZoomingScrollView.m; sourceTree = "<group>"; };
		F7AE2601189920DE00137D34 /* DACircularProgressView.h */ = {isa = PBXFileReference; fileEncoding = 4; lastKnownFileType = sourcecode.c.h; path = DACircularProgressView.h; sourceTree = "<group>"; };
		F7AE2602189920DE00137D34 /* DACircularProgressView.m */ = {isa = PBXFileReference; fileEncoding = 4; lastKnownFileType = sourcecode.c.objc; path = DACircularProgressView.m; sourceTree = "<group>"; };
		F7AE2604189920DE00137D34 /* MBProgressHUD.h */ = {isa = PBXFileReference; fileEncoding = 4; lastKnownFileType = sourcecode.c.h; path = MBProgressHUD.h; sourceTree = "<group>"; };
		F7AE2605189920DE00137D34 /* MBProgressHUD.m */ = {isa = PBXFileReference; fileEncoding = 4; lastKnownFileType = sourcecode.c.objc; path = MBProgressHUD.m; sourceTree = "<group>"; };
		F7AE2606189920DE00137D34 /* README.mdown */ = {isa = PBXFileReference; fileEncoding = 4; lastKnownFileType = text; path = README.mdown; sourceTree = "<group>"; };
		F7AE2608189920DE00137D34 /* NSIndexPath+PSTCollectionViewAdditions.h */ = {isa = PBXFileReference; fileEncoding = 4; lastKnownFileType = sourcecode.c.h; path = "NSIndexPath+PSTCollectionViewAdditions.h"; sourceTree = "<group>"; };
		F7AE2609189920DE00137D34 /* NSIndexPath+PSTCollectionViewAdditions.m */ = {isa = PBXFileReference; fileEncoding = 4; lastKnownFileType = sourcecode.c.objc; path = "NSIndexPath+PSTCollectionViewAdditions.m"; sourceTree = "<group>"; };
		F7AE260A189920DE00137D34 /* PSTCollectionView.h */ = {isa = PBXFileReference; fileEncoding = 4; lastKnownFileType = sourcecode.c.h; path = PSTCollectionView.h; sourceTree = "<group>"; };
		F7AE260B189920DE00137D34 /* PSTCollectionView.m */ = {isa = PBXFileReference; fileEncoding = 4; lastKnownFileType = sourcecode.c.objc; path = PSTCollectionView.m; sourceTree = "<group>"; };
		F7AE260C189920DE00137D34 /* PSTCollectionViewCell.h */ = {isa = PBXFileReference; fileEncoding = 4; lastKnownFileType = sourcecode.c.h; path = PSTCollectionViewCell.h; sourceTree = "<group>"; };
		F7AE260D189920DE00137D34 /* PSTCollectionViewCell.m */ = {isa = PBXFileReference; fileEncoding = 4; lastKnownFileType = sourcecode.c.objc; path = PSTCollectionViewCell.m; sourceTree = "<group>"; };
		F7AE260E189920DE00137D34 /* PSTCollectionViewCommon.h */ = {isa = PBXFileReference; fileEncoding = 4; lastKnownFileType = sourcecode.c.h; path = PSTCollectionViewCommon.h; sourceTree = "<group>"; };
		F7AE260F189920DE00137D34 /* PSTCollectionViewController.h */ = {isa = PBXFileReference; fileEncoding = 4; lastKnownFileType = sourcecode.c.h; path = PSTCollectionViewController.h; sourceTree = "<group>"; };
		F7AE2610189920DE00137D34 /* PSTCollectionViewController.m */ = {isa = PBXFileReference; fileEncoding = 4; lastKnownFileType = sourcecode.c.objc; path = PSTCollectionViewController.m; sourceTree = "<group>"; };
		F7AE2611189920DE00137D34 /* PSTCollectionViewData.h */ = {isa = PBXFileReference; fileEncoding = 4; lastKnownFileType = sourcecode.c.h; path = PSTCollectionViewData.h; sourceTree = "<group>"; };
		F7AE2612189920DE00137D34 /* PSTCollectionViewData.m */ = {isa = PBXFileReference; fileEncoding = 4; lastKnownFileType = sourcecode.c.objc; path = PSTCollectionViewData.m; sourceTree = "<group>"; };
		F7AE2613189920DE00137D34 /* PSTCollectionViewFlowLayout.h */ = {isa = PBXFileReference; fileEncoding = 4; lastKnownFileType = sourcecode.c.h; path = PSTCollectionViewFlowLayout.h; sourceTree = "<group>"; };
		F7AE2614189920DE00137D34 /* PSTCollectionViewFlowLayout.m */ = {isa = PBXFileReference; fileEncoding = 4; lastKnownFileType = sourcecode.c.objc; path = PSTCollectionViewFlowLayout.m; sourceTree = "<group>"; };
		F7AE2615189920DE00137D34 /* PSTCollectionViewItemKey.h */ = {isa = PBXFileReference; fileEncoding = 4; lastKnownFileType = sourcecode.c.h; path = PSTCollectionViewItemKey.h; sourceTree = "<group>"; };
		F7AE2616189920DE00137D34 /* PSTCollectionViewItemKey.m */ = {isa = PBXFileReference; fileEncoding = 4; lastKnownFileType = sourcecode.c.objc; path = PSTCollectionViewItemKey.m; sourceTree = "<group>"; };
		F7AE2617189920DE00137D34 /* PSTCollectionViewLayout+Internals.h */ = {isa = PBXFileReference; fileEncoding = 4; lastKnownFileType = sourcecode.c.h; path = "PSTCollectionViewLayout+Internals.h"; sourceTree = "<group>"; };
		F7AE2618189920DE00137D34 /* PSTCollectionViewLayout.h */ = {isa = PBXFileReference; fileEncoding = 4; lastKnownFileType = sourcecode.c.h; path = PSTCollectionViewLayout.h; sourceTree = "<group>"; };
		F7AE2619189920DE00137D34 /* PSTCollectionViewLayout.m */ = {isa = PBXFileReference; fileEncoding = 4; lastKnownFileType = sourcecode.c.objc; path = PSTCollectionViewLayout.m; sourceTree = "<group>"; };
		F7AE261A189920DE00137D34 /* PSTCollectionViewUpdateItem.h */ = {isa = PBXFileReference; fileEncoding = 4; lastKnownFileType = sourcecode.c.h; path = PSTCollectionViewUpdateItem.h; sourceTree = "<group>"; };
		F7AE261B189920DE00137D34 /* PSTCollectionViewUpdateItem.m */ = {isa = PBXFileReference; fileEncoding = 4; lastKnownFileType = sourcecode.c.objc; path = PSTCollectionViewUpdateItem.m; sourceTree = "<group>"; };
		F7AE261C189920DE00137D34 /* PSTGridLayoutInfo.h */ = {isa = PBXFileReference; fileEncoding = 4; lastKnownFileType = sourcecode.c.h; path = PSTGridLayoutInfo.h; sourceTree = "<group>"; };
		F7AE261D189920DE00137D34 /* PSTGridLayoutInfo.m */ = {isa = PBXFileReference; fileEncoding = 4; lastKnownFileType = sourcecode.c.objc; path = PSTGridLayoutInfo.m; sourceTree = "<group>"; };
		F7AE261E189920DE00137D34 /* PSTGridLayoutItem.h */ = {isa = PBXFileReference; fileEncoding = 4; lastKnownFileType = sourcecode.c.h; path = PSTGridLayoutItem.h; sourceTree = "<group>"; };
		F7AE261F189920DE00137D34 /* PSTGridLayoutItem.m */ = {isa = PBXFileReference; fileEncoding = 4; lastKnownFileType = sourcecode.c.objc; path = PSTGridLayoutItem.m; sourceTree = "<group>"; };
		F7AE2620189920DE00137D34 /* PSTGridLayoutRow.h */ = {isa = PBXFileReference; fileEncoding = 4; lastKnownFileType = sourcecode.c.h; path = PSTGridLayoutRow.h; sourceTree = "<group>"; };
		F7AE2621189920DE00137D34 /* PSTGridLayoutRow.m */ = {isa = PBXFileReference; fileEncoding = 4; lastKnownFileType = sourcecode.c.objc; path = PSTGridLayoutRow.m; sourceTree = "<group>"; };
		F7AE2622189920DE00137D34 /* PSTGridLayoutSection.h */ = {isa = PBXFileReference; fileEncoding = 4; lastKnownFileType = sourcecode.c.h; path = PSTGridLayoutSection.h; sourceTree = "<group>"; };
		F7AE2623189920DE00137D34 /* PSTGridLayoutSection.m */ = {isa = PBXFileReference; fileEncoding = 4; lastKnownFileType = sourcecode.c.objc; path = PSTGridLayoutSection.m; sourceTree = "<group>"; };
		F7AE2625189920DE00137D34 /* LICENSE */ = {isa = PBXFileReference; fileEncoding = 4; lastKnownFileType = text; path = LICENSE; sourceTree = "<group>"; };
		F7AE2626189920DE00137D34 /* README.md */ = {isa = PBXFileReference; fileEncoding = 4; lastKnownFileType = text; path = README.md; sourceTree = "<group>"; };
		F7AE2628189920DE00137D34 /* NSData+GIF.h */ = {isa = PBXFileReference; fileEncoding = 4; lastKnownFileType = sourcecode.c.h; path = "NSData+GIF.h"; sourceTree = "<group>"; };
		F7AE2629189920DE00137D34 /* NSData+GIF.m */ = {isa = PBXFileReference; fileEncoding = 4; lastKnownFileType = sourcecode.c.objc; path = "NSData+GIF.m"; sourceTree = "<group>"; };
		F7AE262A189920DE00137D34 /* SDImageCache.h */ = {isa = PBXFileReference; fileEncoding = 4; lastKnownFileType = sourcecode.c.h; path = SDImageCache.h; sourceTree = "<group>"; };
		F7AE262B189920DE00137D34 /* SDImageCache.m */ = {isa = PBXFileReference; fileEncoding = 4; lastKnownFileType = sourcecode.c.objc; path = SDImageCache.m; sourceTree = "<group>"; };
		F7AE262C189920DE00137D34 /* SDWebImageCompat.h */ = {isa = PBXFileReference; fileEncoding = 4; lastKnownFileType = sourcecode.c.h; path = SDWebImageCompat.h; sourceTree = "<group>"; };
		F7AE262D189920DE00137D34 /* SDWebImageCompat.m */ = {isa = PBXFileReference; fileEncoding = 4; lastKnownFileType = sourcecode.c.objc; path = SDWebImageCompat.m; sourceTree = "<group>"; };
		F7AE262E189920DE00137D34 /* SDWebImageDecoder.h */ = {isa = PBXFileReference; fileEncoding = 4; lastKnownFileType = sourcecode.c.h; path = SDWebImageDecoder.h; sourceTree = "<group>"; };
		F7AE262F189920DE00137D34 /* SDWebImageDecoder.m */ = {isa = PBXFileReference; fileEncoding = 4; lastKnownFileType = sourcecode.c.objc; path = SDWebImageDecoder.m; sourceTree = "<group>"; };
		F7AE2630189920DE00137D34 /* SDWebImageDownloader.h */ = {isa = PBXFileReference; fileEncoding = 4; lastKnownFileType = sourcecode.c.h; path = SDWebImageDownloader.h; sourceTree = "<group>"; };
		F7AE2631189920DE00137D34 /* SDWebImageDownloader.m */ = {isa = PBXFileReference; fileEncoding = 4; lastKnownFileType = sourcecode.c.objc; path = SDWebImageDownloader.m; sourceTree = "<group>"; };
		F7AE2632189920DE00137D34 /* SDWebImageDownloaderOperation.h */ = {isa = PBXFileReference; fileEncoding = 4; lastKnownFileType = sourcecode.c.h; path = SDWebImageDownloaderOperation.h; sourceTree = "<group>"; };
		F7AE2633189920DE00137D34 /* SDWebImageDownloaderOperation.m */ = {isa = PBXFileReference; fileEncoding = 4; lastKnownFileType = sourcecode.c.objc; path = SDWebImageDownloaderOperation.m; sourceTree = "<group>"; };
		F7AE2634189920DE00137D34 /* SDWebImageManager.h */ = {isa = PBXFileReference; fileEncoding = 4; lastKnownFileType = sourcecode.c.h; path = SDWebImageManager.h; sourceTree = "<group>"; };
		F7AE2635189920DE00137D34 /* SDWebImageManager.m */ = {isa = PBXFileReference; fileEncoding = 4; lastKnownFileType = sourcecode.c.objc; path = SDWebImageManager.m; sourceTree = "<group>"; };
		F7AE2636189920DE00137D34 /* SDWebImageOperation.h */ = {isa = PBXFileReference; fileEncoding = 4; lastKnownFileType = sourcecode.c.h; path = SDWebImageOperation.h; sourceTree = "<group>"; };
		F7AE2637189920DE00137D34 /* SDWebImagePrefetcher.h */ = {isa = PBXFileReference; fileEncoding = 4; lastKnownFileType = sourcecode.c.h; path = SDWebImagePrefetcher.h; sourceTree = "<group>"; };
		F7AE2638189920DE00137D34 /* SDWebImagePrefetcher.m */ = {isa = PBXFileReference; fileEncoding = 4; lastKnownFileType = sourcecode.c.objc; path = SDWebImagePrefetcher.m; sourceTree = "<group>"; };
		F7AE2639189920DE00137D34 /* UIButton+WebCache.h */ = {isa = PBXFileReference; fileEncoding = 4; lastKnownFileType = sourcecode.c.h; path = "UIButton+WebCache.h"; sourceTree = "<group>"; };
		F7AE263A189920DE00137D34 /* UIButton+WebCache.m */ = {isa = PBXFileReference; fileEncoding = 4; lastKnownFileType = sourcecode.c.objc; path = "UIButton+WebCache.m"; sourceTree = "<group>"; };
		F7AE263B189920DE00137D34 /* UIImage+GIF.h */ = {isa = PBXFileReference; fileEncoding = 4; lastKnownFileType = sourcecode.c.h; path = "UIImage+GIF.h"; sourceTree = "<group>"; };
		F7AE263C189920DE00137D34 /* UIImage+GIF.m */ = {isa = PBXFileReference; fileEncoding = 4; lastKnownFileType = sourcecode.c.objc; path = "UIImage+GIF.m"; sourceTree = "<group>"; };
		F7AE263D189920DE00137D34 /* UIImage+MultiFormat.h */ = {isa = PBXFileReference; fileEncoding = 4; lastKnownFileType = sourcecode.c.h; path = "UIImage+MultiFormat.h"; sourceTree = "<group>"; };
		F7AE263E189920DE00137D34 /* UIImage+MultiFormat.m */ = {isa = PBXFileReference; fileEncoding = 4; lastKnownFileType = sourcecode.c.objc; path = "UIImage+MultiFormat.m"; sourceTree = "<group>"; };
		F7AE263F189920DE00137D34 /* UIImage+WebP.h */ = {isa = PBXFileReference; fileEncoding = 4; lastKnownFileType = sourcecode.c.h; path = "UIImage+WebP.h"; sourceTree = "<group>"; };
		F7AE2640189920DE00137D34 /* UIImage+WebP.m */ = {isa = PBXFileReference; fileEncoding = 4; lastKnownFileType = sourcecode.c.objc; path = "UIImage+WebP.m"; sourceTree = "<group>"; };
		F7AE2641189920DE00137D34 /* UIImageView+WebCache.h */ = {isa = PBXFileReference; fileEncoding = 4; lastKnownFileType = sourcecode.c.h; path = "UIImageView+WebCache.h"; sourceTree = "<group>"; };
		F7AE2642189920DE00137D34 /* UIImageView+WebCache.m */ = {isa = PBXFileReference; fileEncoding = 4; lastKnownFileType = sourcecode.c.objc; path = "UIImageView+WebCache.m"; sourceTree = "<group>"; };
		F7AE2643189920DE00137D34 /* MWPhotoBrowser-Prefix.pch */ = {isa = PBXFileReference; fileEncoding = 4; lastKnownFileType = sourcecode.c.h; path = "MWPhotoBrowser-Prefix.pch"; sourceTree = "<group>"; };
		F7AE2644189920DE00137D34 /* MWPhotoBrowser.bundle */ = {isa = PBXFileReference; lastKnownFileType = "wrapper.plug-in"; path = MWPhotoBrowser.bundle; sourceTree = "<group>"; };
		F7AE2645189920DE00137D34 /* MWPhotoBrowser.xcodeproj */ = {isa = PBXFileReference; lastKnownFileType = "wrapper.pb-project"; path = MWPhotoBrowser.xcodeproj; sourceTree = "<group>"; };
/* End PBXFileReference section */

/* Begin PBXFrameworksBuildPhase section */
		F7294985187FC97D00E2BFF8 /* Frameworks */ = {
			isa = PBXFrameworksBuildPhase;
			buildActionMask = 2147483647;
			files = (
				F72949EC187FCC2D00E2BFF8 /* CoreLocation.framework in Frameworks */,
				F72949EA187FCC2700E2BFF8 /* MapKit.framework in Frameworks */,
				F72949E8187FCC2200E2BFF8 /* StoreKit.framework in Frameworks */,
				F729498E187FC97D00E2BFF8 /* CoreGraphics.framework in Frameworks */,
				F7294990187FC97D00E2BFF8 /* UIKit.framework in Frameworks */,
				F729498C187FC97D00E2BFF8 /* Foundation.framework in Frameworks */,
			);
			runOnlyForDeploymentPostprocessing = 0;
		};
		F72949A6187FC97D00E2BFF8 /* Frameworks */ = {
			isa = PBXFrameworksBuildPhase;
			buildActionMask = 2147483647;
			files = (
				F72949AB187FC97D00E2BFF8 /* XCTest.framework in Frameworks */,
				F72949AD187FC97D00E2BFF8 /* UIKit.framework in Frameworks */,
				F72949AC187FC97D00E2BFF8 /* Foundation.framework in Frameworks */,
			);
			runOnlyForDeploymentPostprocessing = 0;
		};
/* End PBXFrameworksBuildPhase section */

/* Begin PBXGroup section */
		F729497F187FC97D00E2BFF8 = {
			isa = PBXGroup;
			children = (
				F7294991187FC97D00E2BFF8 /* FSQProject */,
				F72949B0187FC97D00E2BFF8 /* FSQProjectTests */,
				F729498A187FC97D00E2BFF8 /* Frameworks */,
				F7294989187FC97D00E2BFF8 /* Products */,
			);
			sourceTree = "<group>";
		};
		F7294989187FC97D00E2BFF8 /* Products */ = {
			isa = PBXGroup;
			children = (
				F7294988187FC97D00E2BFF8 /* FSQProject.app */,
				F72949A9187FC97D00E2BFF8 /* FSQProjectTests.xctest */,
			);
			name = Products;
			sourceTree = "<group>";
		};
		F729498A187FC97D00E2BFF8 /* Frameworks */ = {
			isa = PBXGroup;
			children = (
				F72949EB187FCC2D00E2BFF8 /* CoreLocation.framework */,
				F72949E9187FCC2600E2BFF8 /* MapKit.framework */,
				F72949E7187FCC2200E2BFF8 /* StoreKit.framework */,
				F729498B187FC97D00E2BFF8 /* Foundation.framework */,
				F729498D187FC97D00E2BFF8 /* CoreGraphics.framework */,
				F729498F187FC97D00E2BFF8 /* UIKit.framework */,
				F72949AA187FC97D00E2BFF8 /* XCTest.framework */,
			);
			name = Frameworks;
			sourceTree = "<group>";
		};
		F7294991187FC97D00E2BFF8 /* FSQProject */ = {
			isa = PBXGroup;
			children = (
				617D377018AA68560096D63C /* AutoCoding.h */,
				617D377118AA68560096D63C /* AutoCoding.m */,
				F76972181887AC6800E2C2B4 /* SVProgressHUD.bundle */,
				F76972191887AC6800E2C2B4 /* SVProgressHUD.h */,
				F769721A1887AC6800E2C2B4 /* SVProgressHUD.m */,
				F72949C0187FC9E900E2BFF8 /* Foursquare2 */,
				F729499A187FC97D00E2BFF8 /* AppDelegate.h */,
				F729499B187FC97D00E2BFF8 /* AppDelegate.m */,
				F76972981887B73700E2C2B4 /* res_v2 */,
				F72949F3187FEFD800E2BFF8 /* Tools */,
				F729499D187FC97D00E2BFF8 /* Main.storyboard */,
				617D376A18AA62990096D63C /* DemoViewController.h */,
				617D376B18AA62990096D63C /* DemoViewController.m */,
				F72949FD187FF0B700E2BFF8 /* FSService.h */,
				F72949FE187FF0B700E2BFF8 /* FSService.m */,
				F72949FA187FF00200E2BFF8 /* FSData.h */,
				F72949FB187FF00200E2BFF8 /* FSData.m */,
				F72949A0187FC97D00E2BFF8 /* NearbyVenuesViewController.h */,
				F72949A1187FC97D00E2BFF8 /* NearbyVenuesViewController.m */,
				617D376D18AA659A0096D63C /* VenueDetailViewController.h */,
				617D376E18AA659A0096D63C /* VenueDetailViewController.m */,
				F76972151887873A00E2C2B4 /* VenueMapViewController.h */,
				F76972161887873A00E2C2B4 /* VenueMapViewController.m */,
				F7AA8F6818AB7FEA005BEECB /* OfficialWebPageViewController.h */,
				F7AA8F6918AB7FEA005BEECB /* OfficialWebPageViewController.m */,
				F7AA8F6518AB7138005BEECB /* blurFoodBg.png */,
				F7AE25E7189914B600137D34 /* reload_blue.png */,
				F72949A3187FC97D00E2BFF8 /* Images.xcassets */,
				F7294992187FC97D00E2BFF8 /* Supporting Files */,
			);
			path = FSQProject;
			sourceTree = "<group>";
		};
		F7294992187FC97D00E2BFF8 /* Supporting Files */ = {
			isa = PBXGroup;
			children = (
				F7294993187FC97D00E2BFF8 /* FSQProject-Info.plist */,
				F7294994187FC97D00E2BFF8 /* InfoPlist.strings */,
				F7294997187FC97D00E2BFF8 /* main.m */,
				F7294999187FC97D00E2BFF8 /* FSQProject-Prefix.pch */,
			);
			name = "Supporting Files";
			sourceTree = "<group>";
		};
		F72949B0187FC97D00E2BFF8 /* FSQProjectTests */ = {
			isa = PBXGroup;
			children = (
				F72949B6187FC97D00E2BFF8 /* FSQProjectTests.m */,
				F72949B1187FC97D00E2BFF8 /* Supporting Files */,
			);
			path = FSQProjectTests;
			sourceTree = "<group>";
		};
		F72949B1187FC97D00E2BFF8 /* Supporting Files */ = {
			isa = PBXGroup;
			children = (
				F72949B2187FC97D00E2BFF8 /* FSQProjectTests-Info.plist */,
				F72949B3187FC97D00E2BFF8 /* InfoPlist.strings */,
			);
			name = "Supporting Files";
			sourceTree = "<group>";
		};
		F72949C0187FC9E900E2BFF8 /* Foursquare2 */ = {
			isa = PBXGroup;
			children = (
				F72949E1187FCBDF00E2BFF8 /* FSConverter.h */,
				F72949E2187FCBDF00E2BFF8 /* FSConverter.m */,
				F72949E3187FCBDF00E2BFF8 /* FSVenue.h */,
				F72949E4187FCBDF00E2BFF8 /* FSVenue.m */,
				F72949C1187FC9E900E2BFF8 /* CHANGELOG.md */,
				F72949C2187FC9E900E2BFF8 /* Foursquare2.h */,
				F72949C3187FC9E900E2BFF8 /* Foursquare2.m */,
				F72949C4187FC9E900E2BFF8 /* FSOAuth.h */,
				F72949C5187FC9E900E2BFF8 /* FSOAuth.m */,
				F72949C6187FC9E900E2BFF8 /* FSRequester.h */,
				F72949C7187FC9E900E2BFF8 /* FSRequester.m */,
				F72949C8187FC9E900E2BFF8 /* FSTargetCallback.h */,
				F72949C9187FC9E900E2BFF8 /* FSTargetCallback.m */,
				F72949CA187FC9E900E2BFF8 /* FSWebLogin.h */,
				F72949CB187FC9E900E2BFF8 /* FSWebLogin.m */,
				F72949CC187FC9E900E2BFF8 /* FSWebLogin.xib */,
				F72949CD187FC9E900E2BFF8 /* pin.png */,
				F72949CE187FC9E900E2BFF8 /* pin@2x.png */,
				F72949CF187FC9E900E2BFF8 /* poweredByFoursquare_gray.png */,
				F72949D0187FC9E900E2BFF8 /* poweredByFoursquare_gray@2x.png */,
				F72949D1187FC9E900E2BFF8 /* submodule */,
			);
			path = Foursquare2;
			sourceTree = "<group>";
		};
		F72949D1187FC9E900E2BFF8 /* submodule */ = {
			isa = PBXGroup;
			children = (
				F72949D2187FC9E900E2BFF8 /* foursquare-ios-oauth */,
			);
			path = submodule;
			sourceTree = "<group>";
		};
		F72949D2187FC9E900E2BFF8 /* foursquare-ios-oauth */ = {
			isa = PBXGroup;
			children = (
			);
			path = "foursquare-ios-oauth";
			sourceTree = "<group>";
		};
		F72949F3187FEFD800E2BFF8 /* Tools */ = {
			isa = PBXGroup;
			children = (
				F7AE25EA189920DE00137D34 /* MWPhotoBrowser */,
				F72949F4187FEFD800E2BFF8 /* AutoCoding+RecursiveParsing.h */,
				F72949F5187FEFD800E2BFF8 /* AutoCoding+RecursiveParsing.m */,
				F72949F6187FEFD800E2BFF8 /* AutoCoding.h */,
				F72949F7187FEFD800E2BFF8 /* AutoCoding.m */,
			);
			path = Tools;
			sourceTree = "<group>";
		};
		F76972981887B73700E2C2B4 /* res_v2 */ = {
			isa = PBXGroup;
			children = (
				F76972991887B73700E2C2B4 /* AmericanRestaurant */,
				F769729A1887B73700E2C2B4 /* AsianRestaurant */,
				F769729B1887B73700E2C2B4 /* AustralianRestaurant */,
				F769729C1887B73700E2C2B4 /* Bank */,
				F769729D1887B73700E2C2B4 /* Bar */,
				F769729E1887B73700E2C2B4 /* BBQJoint */,
				F769729F1887B73700E2C2B4 /* Bookstore */,
				F76972A01887B73700E2C2B4 /* Bridge */,
				F76972A11887B73700E2C2B4 /* Building */,
				F76972A21887B73700E2C2B4 /* Café */,
				F76972A31887B73700E2C2B4 /* CaribbeanRestaurant */,
				F76972A41887B73700E2C2B4 /* ChineseRestaurant */,
				F76972A51887B73700E2C2B4 /* CocktailBar */,
				F76972A61887B73700E2C2B4 /* CoffeeShop */,
				F76972A71887B73700E2C2B4 /* CommunityCollege */,
				F76972A81887B73700E2C2B4 /* ConvenienceStore */,
				F76972A91887B73700E2C2B4 /* Daycare */,
				F76972AA1887B73700E2C2B4 /* DesignStudio */,
				F76972AB1887B73700E2C2B4 /* DessertShop */,
				F76972AC1887B73700E2C2B4 /* DimSumRestaurant */,
				F76972AD1887B73700E2C2B4 /* ElectronicsStore */,
				F76972AE1887B73700E2C2B4 /* EventSpace */,
				F76972AF1887B73700E2C2B4 /* Factory */,
				F76972B01887B73700E2C2B4 /* FleaMarket */,
				F76972B11887B73700E2C2B4 /* FoodCourt */,
				F76972B21887B73700E2C2B4 /* FurnitureHomeStore */,
				F76972B31887B73700E2C2B4 /* GeneralEntertainment */,
				F76972B41887B73700E2C2B4 /* GroceryStore */,
				F76972B51887B73700E2C2B4 /* HobbyShop */,
				F76972B61887B73700E2C2B4 /* Hospital */,
				F76972B71887B73700E2C2B4 /* Hotel */,
				F76972B81887B73700E2C2B4 /* IceCreamShop */,
				F76972B91887B73700E2C2B4 /* ItalianRestaurant */,
				F76972BA1887B73700E2C2B4 /* JapaneseRestaurant */,
				F76972BB1887B73700E2C2B4 /* KaraokeBar */,
				F76972BC1887B73700E2C2B4 /* Lounge */,
				F76972BD1887B73700E2C2B4 /* MedicalCenter */,
				F76972BE1887B73700E2C2B4 /* MexicanRestaurant */,
				F76972BF1887B73700E2C2B4 /* MovingTarget */,
				F76972C01887B73700E2C2B4 /* Nightclub */,
				F76972C11887B73700E2C2B4 /* Office */,
				F76972C21887B73700E2C2B4 /* PaperOfficeSuppliesStore */,
				F76972C31887B73700E2C2B4 /* Parking */,
				F76972C41887B73700E2C2B4 /* PerformingArtsVenue */,
				F76972C51887B73700E2C2B4 /* PizzaPlace */,
				F76972C61887B73700E2C2B4 /* PoliceStation */,
				F76972C71887B73700E2C2B4 /* Professional&OtherPlaces */,
				F76972C81887B73700E2C2B4 /* RamenNoodleHouse */,
				F76972C91887B73700E2C2B4 /* RecordShop */,
				F76972CA1887B73700E2C2B4 /* ResidentialBuilding(ApartmentCondo) */,
				F76972CB1887B73700E2C2B4 /* Restaurant */,
				F76972CC1887B73700E2C2B4 /* SalonBarbershop */,
				F76972CD1887B73800E2C2B4 /* SeafoodRestaurant */,
				F76972CE1887B73800E2C2B4 /* SoupPlace */,
				F76972CF1887B73800E2C2B4 /* SpaMassage */,
				F76972D01887B73800E2C2B4 /* Steakhouse */,
				F76972D11887B73800E2C2B4 /* TaiwaneseRestaurant */,
				F76972D21887B73800E2C2B4 /* TeaRoom */,
				F76972D31887B73800E2C2B4 /* TechStartup */,
				F76972D41887B73800E2C2B4 /* ThaiRestaurant */,
				F76972D51887B73800E2C2B4 /* University */,
				F76972D61887B73800E2C2B4 /* VietnameseRestaurant */,
			);
			path = res_v2;
			sourceTree = "<group>";
		};
		F7AE25EA189920DE00137D34 /* MWPhotoBrowser */ = {
			isa = PBXGroup;
			children = (
				F7AE25EB189920DE00137D34 /* Classes */,
				F7AE25FF189920DE00137D34 /* Libraries */,
				F7AE2643189920DE00137D34 /* MWPhotoBrowser-Prefix.pch */,
				F7AE2644189920DE00137D34 /* MWPhotoBrowser.bundle */,
				F7AE2645189920DE00137D34 /* MWPhotoBrowser.xcodeproj */,
			);
			path = MWPhotoBrowser;
			sourceTree = "<group>";
		};
		F7AE25EB189920DE00137D34 /* Classes */ = {
			isa = PBXGroup;
			children = (
				F7AE25EC189920DE00137D34 /* MWCaptionView.h */,
				F7AE25ED189920DE00137D34 /* MWCaptionView.m */,
				F7AE25EE189920DE00137D34 /* MWCommon.h */,
				F7AE25EF189920DE00137D34 /* MWGridCell.h */,
				F7AE25F0189920DE00137D34 /* MWGridCell.m */,
				F7AE25F1189920DE00137D34 /* MWGridViewController.h */,
				F7AE25F2189920DE00137D34 /* MWGridViewController.m */,
				F7AE25F3189920DE00137D34 /* MWPhoto.h */,
				F7AE25F4189920DE00137D34 /* MWPhoto.m */,
				F7AE25F5189920DE00137D34 /* MWPhotoBrowser.h */,
				F7AE25F6189920DE00137D34 /* MWPhotoBrowser.m */,
				F7AE25F7189920DE00137D34 /* MWPhotoBrowserPrivate.h */,
				F7AE25F8189920DE00137D34 /* MWPhotoProtocol.h */,
				F7AE25F9189920DE00137D34 /* MWTapDetectingImageView.h */,
				F7AE25FA189920DE00137D34 /* MWTapDetectingImageView.m */,
				F7AE25FB189920DE00137D34 /* MWTapDetectingView.h */,
				F7AE25FC189920DE00137D34 /* MWTapDetectingView.m */,
				F7AE25FD189920DE00137D34 /* MWZoomingScrollView.h */,
				F7AE25FE189920DE00137D34 /* MWZoomingScrollView.m */,
			);
			path = Classes;
			sourceTree = "<group>";
		};
		F7AE25FF189920DE00137D34 /* Libraries */ = {
			isa = PBXGroup;
			children = (
				F7AE2600189920DE00137D34 /* DACircularProgress */,
				F7AE2603189920DE00137D34 /* MBProgressHUD */,
				F7AE2607189920DE00137D34 /* PSTCollectionView */,
				F7AE2624189920DE00137D34 /* SDWebImage */,
			);
			path = Libraries;
			sourceTree = "<group>";
		};
		F7AE2600189920DE00137D34 /* DACircularProgress */ = {
			isa = PBXGroup;
			children = (
				F7AE2601189920DE00137D34 /* DACircularProgressView.h */,
				F7AE2602189920DE00137D34 /* DACircularProgressView.m */,
			);
			path = DACircularProgress;
			sourceTree = "<group>";
		};
		F7AE2603189920DE00137D34 /* MBProgressHUD */ = {
			isa = PBXGroup;
			children = (
				F7AE2604189920DE00137D34 /* MBProgressHUD.h */,
				F7AE2605189920DE00137D34 /* MBProgressHUD.m */,
				F7AE2606189920DE00137D34 /* README.mdown */,
			);
			path = MBProgressHUD;
			sourceTree = "<group>";
		};
		F7AE2607189920DE00137D34 /* PSTCollectionView */ = {
			isa = PBXGroup;
			children = (
				F7AE2608189920DE00137D34 /* NSIndexPath+PSTCollectionViewAdditions.h */,
				F7AE2609189920DE00137D34 /* NSIndexPath+PSTCollectionViewAdditions.m */,
				F7AE260A189920DE00137D34 /* PSTCollectionView.h */,
				F7AE260B189920DE00137D34 /* PSTCollectionView.m */,
				F7AE260C189920DE00137D34 /* PSTCollectionViewCell.h */,
				F7AE260D189920DE00137D34 /* PSTCollectionViewCell.m */,
				F7AE260E189920DE00137D34 /* PSTCollectionViewCommon.h */,
				F7AE260F189920DE00137D34 /* PSTCollectionViewController.h */,
				F7AE2610189920DE00137D34 /* PSTCollectionViewController.m */,
				F7AE2611189920DE00137D34 /* PSTCollectionViewData.h */,
				F7AE2612189920DE00137D34 /* PSTCollectionViewData.m */,
				F7AE2613189920DE00137D34 /* PSTCollectionViewFlowLayout.h */,
				F7AE2614189920DE00137D34 /* PSTCollectionViewFlowLayout.m */,
				F7AE2615189920DE00137D34 /* PSTCollectionViewItemKey.h */,
				F7AE2616189920DE00137D34 /* PSTCollectionViewItemKey.m */,
				F7AE2617189920DE00137D34 /* PSTCollectionViewLayout+Internals.h */,
				F7AE2618189920DE00137D34 /* PSTCollectionViewLayout.h */,
				F7AE2619189920DE00137D34 /* PSTCollectionViewLayout.m */,
				F7AE261A189920DE00137D34 /* PSTCollectionViewUpdateItem.h */,
				F7AE261B189920DE00137D34 /* PSTCollectionViewUpdateItem.m */,
				F7AE261C189920DE00137D34 /* PSTGridLayoutInfo.h */,
				F7AE261D189920DE00137D34 /* PSTGridLayoutInfo.m */,
				F7AE261E189920DE00137D34 /* PSTGridLayoutItem.h */,
				F7AE261F189920DE00137D34 /* PSTGridLayoutItem.m */,
				F7AE2620189920DE00137D34 /* PSTGridLayoutRow.h */,
				F7AE2621189920DE00137D34 /* PSTGridLayoutRow.m */,
				F7AE2622189920DE00137D34 /* PSTGridLayoutSection.h */,
				F7AE2623189920DE00137D34 /* PSTGridLayoutSection.m */,
			);
			path = PSTCollectionView;
			sourceTree = "<group>";
		};
		F7AE2624189920DE00137D34 /* SDWebImage */ = {
			isa = PBXGroup;
			children = (
				F7AE2625189920DE00137D34 /* LICENSE */,
				F7AE2626189920DE00137D34 /* README.md */,
				F7AE2627189920DE00137D34 /* SDWebImage */,
			);
			path = SDWebImage;
			sourceTree = "<group>";
		};
		F7AE2627189920DE00137D34 /* SDWebImage */ = {
			isa = PBXGroup;
			children = (
				F7AE2628189920DE00137D34 /* NSData+GIF.h */,
				F7AE2629189920DE00137D34 /* NSData+GIF.m */,
				F7AE262A189920DE00137D34 /* SDImageCache.h */,
				F7AE262B189920DE00137D34 /* SDImageCache.m */,
				F7AE262C189920DE00137D34 /* SDWebImageCompat.h */,
				F7AE262D189920DE00137D34 /* SDWebImageCompat.m */,
				F7AE262E189920DE00137D34 /* SDWebImageDecoder.h */,
				F7AE262F189920DE00137D34 /* SDWebImageDecoder.m */,
				F7AE2630189920DE00137D34 /* SDWebImageDownloader.h */,
				F7AE2631189920DE00137D34 /* SDWebImageDownloader.m */,
				F7AE2632189920DE00137D34 /* SDWebImageDownloaderOperation.h */,
				F7AE2633189920DE00137D34 /* SDWebImageDownloaderOperation.m */,
				F7AE2634189920DE00137D34 /* SDWebImageManager.h */,
				F7AE2635189920DE00137D34 /* SDWebImageManager.m */,
				F7AE2636189920DE00137D34 /* SDWebImageOperation.h */,
				F7AE2637189920DE00137D34 /* SDWebImagePrefetcher.h */,
				F7AE2638189920DE00137D34 /* SDWebImagePrefetcher.m */,
				F7AE2639189920DE00137D34 /* UIButton+WebCache.h */,
				F7AE263A189920DE00137D34 /* UIButton+WebCache.m */,
				F7AE263B189920DE00137D34 /* UIImage+GIF.h */,
				F7AE263C189920DE00137D34 /* UIImage+GIF.m */,
				F7AE263D189920DE00137D34 /* UIImage+MultiFormat.h */,
				F7AE263E189920DE00137D34 /* UIImage+MultiFormat.m */,
				F7AE263F189920DE00137D34 /* UIImage+WebP.h */,
				F7AE2640189920DE00137D34 /* UIImage+WebP.m */,
				F7AE2641189920DE00137D34 /* UIImageView+WebCache.h */,
				F7AE2642189920DE00137D34 /* UIImageView+WebCache.m */,
			);
			path = SDWebImage;
			sourceTree = "<group>";
		};
		F7AE2646189920DE00137D34 /* Products */ = {
			isa = PBXGroup;
			children = (
				F7AE2672189920DF00137D34 /* libMWPhotoBrowser.a */,
			);
			name = Products;
			sourceTree = "<group>";
		};
/* End PBXGroup section */

/* Begin PBXNativeTarget section */
		F7294987187FC97D00E2BFF8 /* FSQProject */ = {
			isa = PBXNativeTarget;
			buildConfigurationList = F72949BA187FC97D00E2BFF8 /* Build configuration list for PBXNativeTarget "FSQProject" */;
			buildPhases = (
				F7294984187FC97D00E2BFF8 /* Sources */,
				F7294985187FC97D00E2BFF8 /* Frameworks */,
				F7294986187FC97D00E2BFF8 /* Resources */,
			);
			buildRules = (
			);
			dependencies = (
			);
			name = FSQProject;
			productName = FSQProject;
			productReference = F7294988187FC97D00E2BFF8 /* FSQProject.app */;
			productType = "com.apple.product-type.application";
		};
		F72949A8187FC97D00E2BFF8 /* FSQProjectTests */ = {
			isa = PBXNativeTarget;
			buildConfigurationList = F72949BD187FC97D00E2BFF8 /* Build configuration list for PBXNativeTarget "FSQProjectTests" */;
			buildPhases = (
				F72949A5187FC97D00E2BFF8 /* Sources */,
				F72949A6187FC97D00E2BFF8 /* Frameworks */,
				F72949A7187FC97D00E2BFF8 /* Resources */,
			);
			buildRules = (
			);
			dependencies = (
				F72949AF187FC97D00E2BFF8 /* PBXTargetDependency */,
			);
			name = FSQProjectTests;
			productName = FSQProjectTests;
			productReference = F72949A9187FC97D00E2BFF8 /* FSQProjectTests.xctest */;
			productType = "com.apple.product-type.bundle.unit-test";
		};
/* End PBXNativeTarget section */

/* Begin PBXProject section */
		F7294980187FC97D00E2BFF8 /* Project object */ = {
			isa = PBXProject;
			attributes = {
				LastUpgradeCheck = 0500;
				ORGANIZATIONNAME = "David Tseng";
				TargetAttributes = {
					F72949A8187FC97D00E2BFF8 = {
						TestTargetID = F7294987187FC97D00E2BFF8;
					};
				};
			};
			buildConfigurationList = F7294983187FC97D00E2BFF8 /* Build configuration list for PBXProject "FSQProject" */;
			compatibilityVersion = "Xcode 3.2";
			developmentRegion = English;
			hasScannedForEncodings = 0;
			knownRegions = (
				en,
				Base,
			);
			mainGroup = F729497F187FC97D00E2BFF8;
			productRefGroup = F7294989187FC97D00E2BFF8 /* Products */;
			projectDirPath = "";
			projectReferences = (
				{
					ProductGroup = F7AE2646189920DE00137D34 /* Products */;
					ProjectRef = F7AE2645189920DE00137D34 /* MWPhotoBrowser.xcodeproj */;
				},
			);
			projectRoot = "";
			targets = (
				F7294987187FC97D00E2BFF8 /* FSQProject */,
				F72949A8187FC97D00E2BFF8 /* FSQProjectTests */,
			);
		};
/* End PBXProject section */

/* Begin PBXReferenceProxy section */
		F7AE2672189920DF00137D34 /* libMWPhotoBrowser.a */ = {
			isa = PBXReferenceProxy;
			fileType = archive.ar;
			path = libMWPhotoBrowser.a;
			remoteRef = F7AE2671189920DF00137D34 /* PBXContainerItemProxy */;
			sourceTree = BUILT_PRODUCTS_DIR;
		};
/* End PBXReferenceProxy section */

/* Begin PBXResourcesBuildPhase section */
		F7294986187FC97D00E2BFF8 /* Resources */ = {
			isa = PBXResourcesBuildPhase;
			buildActionMask = 2147483647;
			files = (
				F76972F21887B73800E2C2B4 /* GroceryStore in Resources */,
				F76973021887B73800E2C2B4 /* PerformingArtsVenue in Resources */,
				F76972FE1887B73800E2C2B4 /* Nightclub in Resources */,
				F76973071887B73800E2C2B4 /* RecordShop in Resources */,
				F76972EE1887B73800E2C2B4 /* FleaMarket in Resources */,
				F7AE25E8189914B600137D34 /* reload_blue.png in Resources */,
				F76972DD1887B73800E2C2B4 /* Bookstore in Resources */,
				F76973101887B73800E2C2B4 /* TeaRoom in Resources */,
				F76972E01887B73800E2C2B4 /* Café in Resources */,
				F7AE2660189920DE00137D34 /* LICENSE in Resources */,
				F76973111887B73800E2C2B4 /* TechStartup in Resources */,
				F76972FA1887B73800E2C2B4 /* Lounge in Resources */,
				F76972E31887B73800E2C2B4 /* CocktailBar in Resources */,
				F76972F91887B73800E2C2B4 /* KaraokeBar in Resources */,
				F76972FF1887B73800E2C2B4 /* Office in Resources */,
				F72949DB187FC9E900E2BFF8 /* pin@2x.png in Resources */,
				F76972E91887B73800E2C2B4 /* DessertShop in Resources */,
				F7AE266F189920DF00137D34 /* MWPhotoBrowser.bundle in Resources */,
				F76973121887B73800E2C2B4 /* ThaiRestaurant in Resources */,
				F76972F61887B73800E2C2B4 /* IceCreamShop in Resources */,
				F76972E51887B73800E2C2B4 /* CommunityCollege in Resources */,
				F76973061887B73800E2C2B4 /* RamenNoodleHouse in Resources */,
				F769730F1887B73800E2C2B4 /* TaiwaneseRestaurant in Resources */,
				F7AE2652189920DE00137D34 /* README.mdown in Resources */,
				F76972F71887B73800E2C2B4 /* ItalianRestaurant in Resources */,
				F76972E21887B73800E2C2B4 /* ChineseRestaurant in Resources */,
				F76972E71887B73800E2C2B4 /* Daycare in Resources */,
				F7AA8F6618AB7138005BEECB /* blurFoodBg.png in Resources */,
				F76972DC1887B73800E2C2B4 /* BBQJoint in Resources */,
				F76972DF1887B73800E2C2B4 /* Building in Resources */,
				F769730C1887B73800E2C2B4 /* SoupPlace in Resources */,
				F76973041887B73800E2C2B4 /* PoliceStation in Resources */,
				F769730D1887B73800E2C2B4 /* SpaMassage in Resources */,
				F76972E11887B73800E2C2B4 /* CaribbeanRestaurant in Resources */,
				F72949D9187FC9E900E2BFF8 /* FSWebLogin.xib in Resources */,
				F76972F31887B73800E2C2B4 /* HobbyShop in Resources */,
				F76973031887B73800E2C2B4 /* PizzaPlace in Resources */,
				F72949A4187FC97D00E2BFF8 /* Images.xcassets in Resources */,
				F76973001887B73800E2C2B4 /* PaperOfficeSuppliesStore in Resources */,
				F72949DD187FC9E900E2BFF8 /* poweredByFoursquare_gray@2x.png in Resources */,
				F76972EB1887B73800E2C2B4 /* ElectronicsStore in Resources */,
				F76972D91887B73800E2C2B4 /* AustralianRestaurant in Resources */,
				F76972EF1887B73800E2C2B4 /* FoodCourt in Resources */,
				F76972F81887B73800E2C2B4 /* JapaneseRestaurant in Resources */,
				F76973091887B73800E2C2B4 /* Restaurant in Resources */,
				F76973081887B73800E2C2B4 /* ResidentialBuilding(ApartmentCondo) in Resources */,
				F76972DE1887B73800E2C2B4 /* Bridge in Resources */,
				F7294996187FC97D00E2BFF8 /* InfoPlist.strings in Resources */,
				F76973131887B73800E2C2B4 /* University in Resources */,
				F76973011887B73800E2C2B4 /* Parking in Resources */,
				F76972F01887B73800E2C2B4 /* FurnitureHomeStore in Resources */,
				F769721B1887AC6800E2C2B4 /* SVProgressHUD.bundle in Resources */,
				F72949DA187FC9E900E2BFF8 /* pin.png in Resources */,
				F76972E81887B73800E2C2B4 /* DesignStudio in Resources */,
				F76972FD1887B73800E2C2B4 /* MovingTarget in Resources */,
				F76972FB1887B73800E2C2B4 /* MedicalCenter in Resources */,
				F76972ED1887B73800E2C2B4 /* Factory in Resources */,
				F76972DA1887B73800E2C2B4 /* Bank in Resources */,
				F76972E61887B73800E2C2B4 /* ConvenienceStore in Resources */,
				F76973141887B73800E2C2B4 /* VietnameseRestaurant in Resources */,
				F76972EA1887B73800E2C2B4 /* DimSumRestaurant in Resources */,
				F76973051887B73800E2C2B4 /* Professional&OtherPlaces in Resources */,
				F76972EC1887B73800E2C2B4 /* EventSpace in Resources */,
				F76972DB1887B73800E2C2B4 /* Bar in Resources */,
				F76972D71887B73800E2C2B4 /* AmericanRestaurant in Resources */,
				F76972D81887B73800E2C2B4 /* AsianRestaurant in Resources */,
				F76972E41887B73800E2C2B4 /* CoffeeShop in Resources */,
				F76972F51887B73800E2C2B4 /* Hotel in Resources */,
				F769730B1887B73800E2C2B4 /* SeafoodRestaurant in Resources */,
				F769730E1887B73800E2C2B4 /* Steakhouse in Resources */,
				F729499F187FC97D00E2BFF8 /* Main.storyboard in Resources */,
				F76972F41887B73800E2C2B4 /* Hospital in Resources */,
				F7AE2661189920DE00137D34 /* README.md in Resources */,
				F72949D3187FC9E900E2BFF8 /* CHANGELOG.md in Resources */,
				F72949DC187FC9E900E2BFF8 /* poweredByFoursquare_gray.png in Resources */,
				F76972F11887B73800E2C2B4 /* GeneralEntertainment in Resources */,
				F769730A1887B73800E2C2B4 /* SalonBarbershop in Resources */,
				F76972FC1887B73800E2C2B4 /* MexicanRestaurant in Resources */,
			);
			runOnlyForDeploymentPostprocessing = 0;
		};
		F72949A7187FC97D00E2BFF8 /* Resources */ = {
			isa = PBXResourcesBuildPhase;
			buildActionMask = 2147483647;
			files = (
				F72949B5187FC97D00E2BFF8 /* InfoPlist.strings in Resources */,
			);
			runOnlyForDeploymentPostprocessing = 0;
		};
/* End PBXResourcesBuildPhase section */

/* Begin PBXSourcesBuildPhase section */
		F7294984187FC97D00E2BFF8 /* Sources */ = {
			isa = PBXSourcesBuildPhase;
			buildActionMask = 2147483647;
			files = (
				F7AE266A189920DF00137D34 /* UIButton+WebCache.m in Sources */,
				F72949A2187FC97D00E2BFF8 /* NearbyVenuesViewController.m in Sources */,
				F7AE265F189920DE00137D34 /* PSTGridLayoutSection.m in Sources */,
				F7AE264C189920DE00137D34 /* MWPhotoBrowser.m in Sources */,
				F7AE265D189920DE00137D34 /* PSTGridLayoutItem.m in Sources */,
				617D377218AA68560096D63C /* AutoCoding.m in Sources */,
				F7AE264E189920DE00137D34 /* MWTapDetectingView.m in Sources */,
				F7AE2649189920DE00137D34 /* MWGridCell.m in Sources */,
				F72949FF187FF0B700E2BFF8 /* FSService.m in Sources */,
				F72949E6187FCBDF00E2BFF8 /* FSVenue.m in Sources */,
				F7AE264B189920DE00137D34 /* MWPhoto.m in Sources */,
				F7AE264D189920DE00137D34 /* MWTapDetectingImageView.m in Sources */,
				F76972171887873A00E2C2B4 /* VenueMapViewController.m in Sources */,
				F7AE265C189920DE00137D34 /* PSTGridLayoutInfo.m in Sources */,
				F7AE2664189920DF00137D34 /* SDWebImageCompat.m in Sources */,
				F7AE2668189920DF00137D34 /* SDWebImageManager.m in Sources */,
				F7AE2654189920DE00137D34 /* PSTCollectionView.m in Sources */,
				F7AE2663189920DF00137D34 /* SDImageCache.m in Sources */,
				F7AE2657189920DE00137D34 /* PSTCollectionViewData.m in Sources */,
				F7AE2665189920DF00137D34 /* SDWebImageDecoder.m in Sources */,
				F729499C187FC97D00E2BFF8 /* AppDelegate.m in Sources */,
				F7AE265B189920DE00137D34 /* PSTCollectionViewUpdateItem.m in Sources */,
				F7AE2666189920DF00137D34 /* SDWebImageDownloader.m in Sources */,
				F7AE264A189920DE00137D34 /* MWGridViewController.m in Sources */,
				F7AE2655189920DE00137D34 /* PSTCollectionViewCell.m in Sources */,
				F7AE2662189920DF00137D34 /* NSData+GIF.m in Sources */,
				F7AE266C189920DF00137D34 /* UIImage+MultiFormat.m in Sources */,
				F769721C1887AC6800E2C2B4 /* SVProgressHUD.m in Sources */,
				617D376F18AA659A0096D63C /* VenueDetailViewController.m in Sources */,
				F7AE266D189920DF00137D34 /* UIImage+WebP.m in Sources */,
				F72949D5187FC9E900E2BFF8 /* FSOAuth.m in Sources */,
				617D376C18AA62990096D63C /* DemoViewController.m in Sources */,
				F7AE2653189920DE00137D34 /* NSIndexPath+PSTCollectionViewAdditions.m in Sources */,
				F7AE2658189920DE00137D34 /* PSTCollectionViewFlowLayout.m in Sources */,
				F7AE2651189920DE00137D34 /* MBProgressHUD.m in Sources */,
				F72949F9187FEFD800E2BFF8 /* AutoCoding.m in Sources */,
				F7294998187FC97D00E2BFF8 /* main.m in Sources */,
				F7AE265E189920DE00137D34 /* PSTGridLayoutRow.m in Sources */,
				F7AE2669189920DF00137D34 /* SDWebImagePrefetcher.m in Sources */,
				F72949D7187FC9E900E2BFF8 /* FSTargetCallback.m in Sources */,
				F72949D4187FC9E900E2BFF8 /* Foursquare2.m in Sources */,
				F72949F8187FEFD800E2BFF8 /* AutoCoding+RecursiveParsing.m in Sources */,
				F7AE266B189920DF00137D34 /* UIImage+GIF.m in Sources */,
				F7AE265A189920DE00137D34 /* PSTCollectionViewLayout.m in Sources */,
				F72949E5187FCBDF00E2BFF8 /* FSConverter.m in Sources */,
				F7AE266E189920DF00137D34 /* UIImageView+WebCache.m in Sources */,
				F72949FC187FF00200E2BFF8 /* FSData.m in Sources */,
				F7AE2648189920DE00137D34 /* MWCaptionView.m in Sources */,
				F72949D6187FC9E900E2BFF8 /* FSRequester.m in Sources */,
				F7AA8F6A18AB7FEA005BEECB /* OfficialWebPageViewController.m in Sources */,
				F7AE2667189920DF00137D34 /* SDWebImageDownloaderOperation.m in Sources */,
				F7AE264F189920DE00137D34 /* MWZoomingScrollView.m in Sources */,
				F7AE2656189920DE00137D34 /* PSTCollectionViewController.m in Sources */,
				F7AE2659189920DE00137D34 /* PSTCollectionViewItemKey.m in Sources */,
				F72949D8187FC9E900E2BFF8 /* FSWebLogin.m in Sources */,
				F7AE2650189920DE00137D34 /* DACircularProgressView.m in Sources */,
			);
			runOnlyForDeploymentPostprocessing = 0;
		};
		F72949A5187FC97D00E2BFF8 /* Sources */ = {
			isa = PBXSourcesBuildPhase;
			buildActionMask = 2147483647;
			files = (
				F72949B7187FC97D00E2BFF8 /* FSQProjectTests.m in Sources */,
			);
			runOnlyForDeploymentPostprocessing = 0;
		};
/* End PBXSourcesBuildPhase section */

/* Begin PBXTargetDependency section */
		F72949AF187FC97D00E2BFF8 /* PBXTargetDependency */ = {
			isa = PBXTargetDependency;
			target = F7294987187FC97D00E2BFF8 /* FSQProject */;
			targetProxy = F72949AE187FC97D00E2BFF8 /* PBXContainerItemProxy */;
		};
/* End PBXTargetDependency section */

/* Begin PBXVariantGroup section */
		F7294994187FC97D00E2BFF8 /* InfoPlist.strings */ = {
			isa = PBXVariantGroup;
			children = (
				F7294995187FC97D00E2BFF8 /* en */,
			);
			name = InfoPlist.strings;
			sourceTree = "<group>";
		};
		F729499D187FC97D00E2BFF8 /* Main.storyboard */ = {
			isa = PBXVariantGroup;
			children = (
				F729499E187FC97D00E2BFF8 /* Base */,
			);
			name = Main.storyboard;
			sourceTree = "<group>";
		};
		F72949B3187FC97D00E2BFF8 /* InfoPlist.strings */ = {
			isa = PBXVariantGroup;
			children = (
				F72949B4187FC97D00E2BFF8 /* en */,
			);
			name = InfoPlist.strings;
			sourceTree = "<group>";
		};
/* End PBXVariantGroup section */

/* Begin XCBuildConfiguration section */
		F72949B8187FC97D00E2BFF8 /* Debug */ = {
			isa = XCBuildConfiguration;
			buildSettings = {
				ALWAYS_SEARCH_USER_PATHS = NO;
				ARCHS = "$(ARCHS_STANDARD_INCLUDING_64_BIT)";
				CLANG_CXX_LANGUAGE_STANDARD = "gnu++0x";
				CLANG_CXX_LIBRARY = "libc++";
				CLANG_ENABLE_MODULES = YES;
				CLANG_ENABLE_OBJC_ARC = YES;
				CLANG_WARN_BOOL_CONVERSION = YES;
				CLANG_WARN_CONSTANT_CONVERSION = YES;
				CLANG_WARN_DIRECT_OBJC_ISA_USAGE = YES_ERROR;
				CLANG_WARN_EMPTY_BODY = YES;
				CLANG_WARN_ENUM_CONVERSION = YES;
				CLANG_WARN_INT_CONVERSION = YES;
				CLANG_WARN_OBJC_ROOT_CLASS = YES_ERROR;
				CLANG_WARN__DUPLICATE_METHOD_MATCH = YES;
				"CODE_SIGN_IDENTITY[sdk=iphoneos*]" = "iPhone Developer";
				COPY_PHASE_STRIP = NO;
				GCC_C_LANGUAGE_STANDARD = gnu99;
				GCC_DYNAMIC_NO_PIC = NO;
				GCC_OPTIMIZATION_LEVEL = 0;
				GCC_PREPROCESSOR_DEFINITIONS = (
					"DEBUG=1",
					"$(inherited)",
				);
				GCC_SYMBOLS_PRIVATE_EXTERN = NO;
				GCC_WARN_64_TO_32_BIT_CONVERSION = YES;
				GCC_WARN_ABOUT_RETURN_TYPE = YES_ERROR;
				GCC_WARN_UNDECLARED_SELECTOR = YES;
				GCC_WARN_UNINITIALIZED_AUTOS = YES;
				GCC_WARN_UNUSED_FUNCTION = YES;
				GCC_WARN_UNUSED_VARIABLE = YES;
				IPHONEOS_DEPLOYMENT_TARGET = 7.0;
				ONLY_ACTIVE_ARCH = YES;
				SDKROOT = iphoneos;
			};
			name = Debug;
		};
		F72949B9187FC97D00E2BFF8 /* Release */ = {
			isa = XCBuildConfiguration;
			buildSettings = {
				ALWAYS_SEARCH_USER_PATHS = NO;
				ARCHS = "$(ARCHS_STANDARD_INCLUDING_64_BIT)";
				CLANG_CXX_LANGUAGE_STANDARD = "gnu++0x";
				CLANG_CXX_LIBRARY = "libc++";
				CLANG_ENABLE_MODULES = YES;
				CLANG_ENABLE_OBJC_ARC = YES;
				CLANG_WARN_BOOL_CONVERSION = YES;
				CLANG_WARN_CONSTANT_CONVERSION = YES;
				CLANG_WARN_DIRECT_OBJC_ISA_USAGE = YES_ERROR;
				CLANG_WARN_EMPTY_BODY = YES;
				CLANG_WARN_ENUM_CONVERSION = YES;
				CLANG_WARN_INT_CONVERSION = YES;
				CLANG_WARN_OBJC_ROOT_CLASS = YES_ERROR;
				CLANG_WARN__DUPLICATE_METHOD_MATCH = YES;
				"CODE_SIGN_IDENTITY[sdk=iphoneos*]" = "iPhone Developer";
				COPY_PHASE_STRIP = YES;
				ENABLE_NS_ASSERTIONS = NO;
				GCC_C_LANGUAGE_STANDARD = gnu99;
				GCC_WARN_64_TO_32_BIT_CONVERSION = YES;
				GCC_WARN_ABOUT_RETURN_TYPE = YES_ERROR;
				GCC_WARN_UNDECLARED_SELECTOR = YES;
				GCC_WARN_UNINITIALIZED_AUTOS = YES;
				GCC_WARN_UNUSED_FUNCTION = YES;
				GCC_WARN_UNUSED_VARIABLE = YES;
				IPHONEOS_DEPLOYMENT_TARGET = 7.0;
				SDKROOT = iphoneos;
				VALIDATE_PRODUCT = YES;
			};
			name = Release;
		};
		F72949BB187FC97D00E2BFF8 /* Debug */ = {
			isa = XCBuildConfiguration;
			buildSettings = {
				ASSETCATALOG_COMPILER_APPICON_NAME = AppIcon;
				ASSETCATALOG_COMPILER_LAUNCHIMAGE_NAME = LaunchImage;
				GCC_PRECOMPILE_PREFIX_HEADER = YES;
				GCC_PREFIX_HEADER = "FSQProject/FSQProject-Prefix.pch";
				INFOPLIST_FILE = "FSQProject/FSQProject-Info.plist";
				PRODUCT_NAME = "$(TARGET_NAME)";
				WRAPPER_EXTENSION = app;
			};
			name = Debug;
		};
		F72949BC187FC97D00E2BFF8 /* Release */ = {
			isa = XCBuildConfiguration;
			buildSettings = {
				ASSETCATALOG_COMPILER_APPICON_NAME = AppIcon;
				ASSETCATALOG_COMPILER_LAUNCHIMAGE_NAME = LaunchImage;
				GCC_PRECOMPILE_PREFIX_HEADER = YES;
				GCC_PREFIX_HEADER = "FSQProject/FSQProject-Prefix.pch";
				INFOPLIST_FILE = "FSQProject/FSQProject-Info.plist";
				PRODUCT_NAME = "$(TARGET_NAME)";
				WRAPPER_EXTENSION = app;
			};
			name = Release;
		};
		F72949BE187FC97D00E2BFF8 /* Debug */ = {
			isa = XCBuildConfiguration;
			buildSettings = {
				ARCHS = "$(ARCHS_STANDARD_INCLUDING_64_BIT)";
				BUNDLE_LOADER = "$(BUILT_PRODUCTS_DIR)/FSQProject.app/FSQProject";
				FRAMEWORK_SEARCH_PATHS = (
					"$(SDKROOT)/Developer/Library/Frameworks",
					"$(inherited)",
					"$(DEVELOPER_FRAMEWORKS_DIR)",
				);
				GCC_PRECOMPILE_PREFIX_HEADER = YES;
				GCC_PREFIX_HEADER = "FSQProject/FSQProject-Prefix.pch";
				GCC_PREPROCESSOR_DEFINITIONS = (
					"DEBUG=1",
					"$(inherited)",
				);
				INFOPLIST_FILE = "FSQProjectTests/FSQProjectTests-Info.plist";
				PRODUCT_NAME = "$(TARGET_NAME)";
				TEST_HOST = "$(BUNDLE_LOADER)";
				WRAPPER_EXTENSION = xctest;
			};
			name = Debug;
		};
		F72949BF187FC97D00E2BFF8 /* Release */ = {
			isa = XCBuildConfiguration;
			buildSettings = {
				ARCHS = "$(ARCHS_STANDARD_INCLUDING_64_BIT)";
				BUNDLE_LOADER = "$(BUILT_PRODUCTS_DIR)/FSQProject.app/FSQProject";
				FRAMEWORK_SEARCH_PATHS = (
					"$(SDKROOT)/Developer/Library/Frameworks",
					"$(inherited)",
					"$(DEVELOPER_FRAMEWORKS_DIR)",
				);
				GCC_PRECOMPILE_PREFIX_HEADER = YES;
				GCC_PREFIX_HEADER = "FSQProject/FSQProject-Prefix.pch";
				INFOPLIST_FILE = "FSQProjectTests/FSQProjectTests-Info.plist";
				PRODUCT_NAME = "$(TARGET_NAME)";
				TEST_HOST = "$(BUNDLE_LOADER)";
				WRAPPER_EXTENSION = xctest;
			};
			name = Release;
		};
/* End XCBuildConfiguration section */

/* Begin XCConfigurationList section */
		F7294983187FC97D00E2BFF8 /* Build configuration list for PBXProject "FSQProject" */ = {
			isa = XCConfigurationList;
			buildConfigurations = (
				F72949B8187FC97D00E2BFF8 /* Debug */,
				F72949B9187FC97D00E2BFF8 /* Release */,
			);
			defaultConfigurationIsVisible = 0;
			defaultConfigurationName = Release;
		};
		F72949BA187FC97D00E2BFF8 /* Build configuration list for PBXNativeTarget "FSQProject" */ = {
			isa = XCConfigurationList;
			buildConfigurations = (
				F72949BB187FC97D00E2BFF8 /* Debug */,
				F72949BC187FC97D00E2BFF8 /* Release */,
			);
			defaultConfigurationIsVisible = 0;
			defaultConfigurationName = Release;
		};
		F72949BD187FC97D00E2BFF8 /* Build configuration list for PBXNativeTarget "FSQProjectTests" */ = {
			isa = XCConfigurationList;
			buildConfigurations = (
				F72949BE187FC97D00E2BFF8 /* Debug */,
				F72949BF187FC97D00E2BFF8 /* Release */,
			);
			defaultConfigurationIsVisible = 0;
			defaultConfigurationName = Release;
		};
/* End XCConfigurationList section */
	};
	rootObject = F7294980187FC97D00E2BFF8 /* Project object */;
}
